// !$*UTF8*$!
{
	archiveVersion = 1;
	classes = {
	};
	objectVersion = 63;
	objects = {

/* Begin PBXBuildFile section */
		7A730FA92D22719D006C8FA6 /* AppDelegate.swift in Sources */ = {isa = PBXBuildFile; fileRef = 7A730F9F2D22719D006C8FA6 /* AppDelegate.swift */; };
		7A730FAC2D22719D006C8FA6 /* Assets.xcassets in Resources */ = {isa = PBXBuildFile; fileRef = 7A730FA02D22719D006C8FA6 /* Assets.xcassets */; };
		7A730FAE2D22719D006C8FA6 /* LaunchScreen.storyboard in Resources */ = {isa = PBXBuildFile; fileRef = 7A730FA32D22719D006C8FA6 /* LaunchScreen.storyboard */; };
		7A730FC62D2271E2006C8FA6 /* HomeViewController.swift in Sources */ = {isa = PBXBuildFile; fileRef = 7A730FBF2D2271E2006C8FA6 /* HomeViewController.swift */; };
		7A730FC72D2271E2006C8FA6 /* ShareControl.swift in Sources */ = {isa = PBXBuildFile; fileRef = 7A730FC32D2271E2006C8FA6 /* ShareControl.swift */; };
		7A730FC82D2271E2006C8FA6 /* BrowserViewController.swift in Sources */ = {isa = PBXBuildFile; fileRef = 7A730FC12D2271E2006C8FA6 /* BrowserViewController.swift */; };
		7A730FC92D2271E2006C8FA6 /* PageControl.swift in Sources */ = {isa = PBXBuildFile; fileRef = 7A730FC22D2271E2006C8FA6 /* PageControl.swift */; };
		7A730FCA2D2271E2006C8FA6 /* HomePictureCell.swift in Sources */ = {isa = PBXBuildFile; fileRef = 7A730FBE2D2271E2006C8FA6 /* HomePictureCell.swift */; };
		7A730FCB2D2271E2006C8FA6 /* TestHDR3.JPG in Resources */ = {isa = PBXBuildFile; fileRef = 7A730FB92D2271E2006C8FA6 /* TestHDR3.JPG */; };
		7A730FCC2D2271E2006C8FA6 /* TestHDR1.heic in Resources */ = {isa = PBXBuildFile; fileRef = 7A730FB72D2271E2006C8FA6 /* TestHDR1.heic */; };
		7A730FCD2D2271E2006C8FA6 /* data.json in Resources */ = {isa = PBXBuildFile; fileRef = 7A730FB22D2271E2006C8FA6 /* data.json */; };
		7A730FCE2D2271E2006C8FA6 /* TestHDR2.JPG in Resources */ = {isa = PBXBuildFile; fileRef = 7A730FB82D2271E2006C8FA6 /* TestHDR2.JPG */; };
		7A730FCF2D2271E2006C8FA6 /* data1.jpg in Resources */ = {isa = PBXBuildFile; fileRef = 7A730FB32D2271E2006C8FA6 /* data1.jpg */; };
		7A730FD02D2271E2006C8FA6 /* data3.jpg in Resources */ = {isa = PBXBuildFile; fileRef = 7A730FB52D2271E2006C8FA6 /* data3.jpg */; };
		7A730FD12D2271E2006C8FA6 /* data2.gif in Resources */ = {isa = PBXBuildFile; fileRef = 7A730FB42D2271E2006C8FA6 /* data2.gif */; };
		7A730FD22D2271E2006C8FA6 /* data4.jpg in Resources */ = {isa = PBXBuildFile; fileRef = 7A730FB62D2271E2006C8FA6 /* data4.jpg */; };
		7A730FD52D2272D1006C8FA6 /* AppDelegate.swift in Sources */ = {isa = PBXBuildFile; fileRef = 7A730F9F2D22719D006C8FA6 /* AppDelegate.swift */; };
		7A730FD72D2272D1006C8FA6 /* HomeViewController.swift in Sources */ = {isa = PBXBuildFile; fileRef = 7A730FBF2D2271E2006C8FA6 /* HomeViewController.swift */; };
		7A730FD82D2272D1006C8FA6 /* ShareControl.swift in Sources */ = {isa = PBXBuildFile; fileRef = 7A730FC32D2271E2006C8FA6 /* ShareControl.swift */; };
		7A730FD92D2272D1006C8FA6 /* BrowserViewController.swift in Sources */ = {isa = PBXBuildFile; fileRef = 7A730FC12D2271E2006C8FA6 /* BrowserViewController.swift */; };
		7A730FDA2D2272D1006C8FA6 /* PageControl.swift in Sources */ = {isa = PBXBuildFile; fileRef = 7A730FC22D2271E2006C8FA6 /* PageControl.swift */; };
		7A730FDB2D2272D1006C8FA6 /* HomePictureCell.swift in Sources */ = {isa = PBXBuildFile; fileRef = 7A730FBE2D2271E2006C8FA6 /* HomePictureCell.swift */; };
		7A730FDE2D2272D1006C8FA6 /* TestHDR3.JPG in Resources */ = {isa = PBXBuildFile; fileRef = 7A730FB92D2271E2006C8FA6 /* TestHDR3.JPG */; };
		7A730FDF2D2272D1006C8FA6 /* TestHDR1.heic in Resources */ = {isa = PBXBuildFile; fileRef = 7A730FB72D2271E2006C8FA6 /* TestHDR1.heic */; };
		7A730FE02D2272D1006C8FA6 /* data.json in Resources */ = {isa = PBXBuildFile; fileRef = 7A730FB22D2271E2006C8FA6 /* data.json */; };
		7A730FE12D2272D1006C8FA6 /* TestHDR2.JPG in Resources */ = {isa = PBXBuildFile; fileRef = 7A730FB82D2271E2006C8FA6 /* TestHDR2.JPG */; };
		7A730FE22D2272D1006C8FA6 /* data1.jpg in Resources */ = {isa = PBXBuildFile; fileRef = 7A730FB32D2271E2006C8FA6 /* data1.jpg */; };
		7A730FE32D2272D1006C8FA6 /* data3.jpg in Resources */ = {isa = PBXBuildFile; fileRef = 7A730FB52D2271E2006C8FA6 /* data3.jpg */; };
		7A730FE42D2272D1006C8FA6 /* data2.gif in Resources */ = {isa = PBXBuildFile; fileRef = 7A730FB42D2271E2006C8FA6 /* data2.gif */; };
		7A730FE52D2272D1006C8FA6 /* data4.jpg in Resources */ = {isa = PBXBuildFile; fileRef = 7A730FB62D2271E2006C8FA6 /* data4.jpg */; };
		7A730FE62D2272D1006C8FA6 /* Assets.xcassets in Resources */ = {isa = PBXBuildFile; fileRef = 7A730FA02D22719D006C8FA6 /* Assets.xcassets */; };
		7A730FE72D2272D1006C8FA6 /* LaunchScreen.storyboard in Resources */ = {isa = PBXBuildFile; fileRef = 7A730FA32D22719D006C8FA6 /* LaunchScreen.storyboard */; };
		7A730FF02D227439006C8FA6 /* MacOSInfo.plist in Resources */ = {isa = PBXBuildFile; fileRef = 7A730FEE2D227439006C8FA6 /* MacOSInfo.plist */; };
		7AE273A92D261C1600E72D33 /* Browser.swift in Sources */ = {isa = PBXBuildFile; fileRef = 7AE273A82D261C1600E72D33 /* Browser.swift */; };
		7AE273AA2D261C1600E72D33 /* Browser.swift in Sources */ = {isa = PBXBuildFile; fileRef = 7AE273A82D261C1600E72D33 /* Browser.swift */; };
		7AE273B32D262FFF00E72D33 /* LivePhoto.JPG in Resources */ = {isa = PBXBuildFile; fileRef = 7AE273B12D262FFF00E72D33 /* LivePhoto.JPG */; };
		7AE273B42D262FFF00E72D33 /* LivePhoto.MOV in Resources */ = {isa = PBXBuildFile; fileRef = 7AE273B22D262FFF00E72D33 /* LivePhoto.MOV */; };
		7AE273B52D262FFF00E72D33 /* LivePhoto.JPG in Resources */ = {isa = PBXBuildFile; fileRef = 7AE273B12D262FFF00E72D33 /* LivePhoto.JPG */; };
		7AE273B62D262FFF00E72D33 /* LivePhoto.MOV in Resources */ = {isa = PBXBuildFile; fileRef = 7AE273B22D262FFF00E72D33 /* LivePhoto.MOV */; };
		7AE273B82D26313000E72D33 /* AppDelegate+Debug.swift in Sources */ = {isa = PBXBuildFile; fileRef = 7AE273B72D26313000E72D33 /* AppDelegate+Debug.swift */; };
		7AE273B92D26313000E72D33 /* AppDelegate+Debug.swift in Sources */ = {isa = PBXBuildFile; fileRef = 7AE273B72D26313000E72D33 /* AppDelegate+Debug.swift */; };
		B5A342F313EAFDD20A99ACD8 /* Pods_JSMediaBrowserExampleMacOS.framework in Frameworks */ = {isa = PBXBuildFile; fileRef = 930BE4B593CCF42250530719 /* Pods_JSMediaBrowserExampleMacOS.framework */; };
		B8C0C0F48A259BE03C48E14B /* Pods_JSMediaBrowserExample.framework in Frameworks */ = {isa = PBXBuildFile; fileRef = CBBEC1C1254DE13C6485DAAA /* Pods_JSMediaBrowserExample.framework */; };
/* End PBXBuildFile section */

/* Begin PBXFileReference section */
		33FEC61117D9E153785DAB8A /* Pods-JSMediaBrowserExampleMacOS.release.xcconfig */ = {isa = PBXFileReference; includeInIndex = 1; lastKnownFileType = text.xcconfig; name = "Pods-JSMediaBrowserExampleMacOS.release.xcconfig"; path = "Target Support Files/Pods-JSMediaBrowserExampleMacOS/Pods-JSMediaBrowserExampleMacOS.release.xcconfig"; sourceTree = "<group>"; };
		382E47F6077E027B6EF9A441 /* Pods-JSMediaBrowserExample.debug.xcconfig */ = {isa = PBXFileReference; includeInIndex = 1; lastKnownFileType = text.xcconfig; name = "Pods-JSMediaBrowserExample.debug.xcconfig"; path = "Target Support Files/Pods-JSMediaBrowserExample/Pods-JSMediaBrowserExample.debug.xcconfig"; sourceTree = "<group>"; };
		55FEF3CE8C59B767521C3A7C /* Pods-JSMediaBrowserExampleMacOS.debug.xcconfig */ = {isa = PBXFileReference; includeInIndex = 1; lastKnownFileType = text.xcconfig; name = "Pods-JSMediaBrowserExampleMacOS.debug.xcconfig"; path = "Target Support Files/Pods-JSMediaBrowserExampleMacOS/Pods-JSMediaBrowserExampleMacOS.debug.xcconfig"; sourceTree = "<group>"; };
		7A730F872D227191006C8FA6 /* JSMediaBrowserExample.app */ = {isa = PBXFileReference; explicitFileType = wrapper.application; includeInIndex = 0; path = JSMediaBrowserExample.app; sourceTree = BUILT_PRODUCTS_DIR; };
		7A730F9F2D22719D006C8FA6 /* AppDelegate.swift */ = {isa = PBXFileReference; lastKnownFileType = sourcecode.swift; path = AppDelegate.swift; sourceTree = "<group>"; };
		7A730FA02D22719D006C8FA6 /* Assets.xcassets */ = {isa = PBXFileReference; lastKnownFileType = folder.assetcatalog; path = Assets.xcassets; sourceTree = "<group>"; };
		7A730FA12D22719D006C8FA6 /* Info.plist */ = {isa = PBXFileReference; lastKnownFileType = text.plist.xml; path = Info.plist; sourceTree = "<group>"; };
		7A730FA22D22719D006C8FA6 /* Base */ = {isa = PBXFileReference; lastKnownFileType = file.storyboard; name = Base; path = Base.lproj/LaunchScreen.storyboard; sourceTree = "<group>"; };
		7A730FB22D2271E2006C8FA6 /* data.json */ = {isa = PBXFileReference; lastKnownFileType = text.json; path = data.json; sourceTree = "<group>"; };
		7A730FB32D2271E2006C8FA6 /* data1.jpg */ = {isa = PBXFileReference; lastKnownFileType = image.jpeg; path = data1.jpg; sourceTree = "<group>"; };
		7A730FB42D2271E2006C8FA6 /* data2.gif */ = {isa = PBXFileReference; lastKnownFileType = image.gif; path = data2.gif; sourceTree = "<group>"; };
		7A730FB52D2271E2006C8FA6 /* data3.jpg */ = {isa = PBXFileReference; lastKnownFileType = image.jpeg; path = data3.jpg; sourceTree = "<group>"; };
		7A730FB62D2271E2006C8FA6 /* data4.jpg */ = {isa = PBXFileReference; lastKnownFileType = image.jpeg; path = data4.jpg; sourceTree = "<group>"; };
		7A730FB72D2271E2006C8FA6 /* TestHDR1.heic */ = {isa = PBXFileReference; lastKnownFileType = file; path = TestHDR1.heic; sourceTree = "<group>"; };
		7A730FB82D2271E2006C8FA6 /* TestHDR2.JPG */ = {isa = PBXFileReference; lastKnownFileType = image.jpeg; path = TestHDR2.JPG; sourceTree = "<group>"; };
		7A730FB92D2271E2006C8FA6 /* TestHDR3.JPG */ = {isa = PBXFileReference; lastKnownFileType = image.jpeg; path = TestHDR3.JPG; sourceTree = "<group>"; };
		7A730FBE2D2271E2006C8FA6 /* HomePictureCell.swift */ = {isa = PBXFileReference; lastKnownFileType = sourcecode.swift; path = HomePictureCell.swift; sourceTree = "<group>"; };
		7A730FBF2D2271E2006C8FA6 /* HomeViewController.swift */ = {isa = PBXFileReference; lastKnownFileType = sourcecode.swift; path = HomeViewController.swift; sourceTree = "<group>"; };
		7A730FC12D2271E2006C8FA6 /* BrowserViewController.swift */ = {isa = PBXFileReference; lastKnownFileType = sourcecode.swift; path = BrowserViewController.swift; sourceTree = "<group>"; };
		7A730FC22D2271E2006C8FA6 /* PageControl.swift */ = {isa = PBXFileReference; lastKnownFileType = sourcecode.swift; path = PageControl.swift; sourceTree = "<group>"; };
		7A730FC32D2271E2006C8FA6 /* ShareControl.swift */ = {isa = PBXFileReference; lastKnownFileType = sourcecode.swift; path = ShareControl.swift; sourceTree = "<group>"; };
		7A730FEB2D2272D1006C8FA6 /* JSMediaBrowserExampleMacOS.app */ = {isa = PBXFileReference; explicitFileType = wrapper.application; includeInIndex = 0; path = JSMediaBrowserExampleMacOS.app; sourceTree = BUILT_PRODUCTS_DIR; };
		7A730FED2D2272DD006C8FA6 /* MacOS.entitlements */ = {isa = PBXFileReference; lastKnownFileType = text.plist.entitlements; path = MacOS.entitlements; sourceTree = "<group>"; };
		7A730FEE2D227439006C8FA6 /* MacOSInfo.plist */ = {isa = PBXFileReference; lastKnownFileType = text.plist.xml; path = MacOSInfo.plist; sourceTree = "<group>"; };
		7AE273A82D261C1600E72D33 /* Browser.swift */ = {isa = PBXFileReference; lastKnownFileType = sourcecode.swift; path = Browser.swift; sourceTree = "<group>"; };
		7AE273B12D262FFF00E72D33 /* LivePhoto.JPG */ = {isa = PBXFileReference; lastKnownFileType = image.jpeg; path = LivePhoto.JPG; sourceTree = "<group>"; };
		7AE273B22D262FFF00E72D33 /* LivePhoto.MOV */ = {isa = PBXFileReference; lastKnownFileType = video.quicktime; path = LivePhoto.MOV; sourceTree = "<group>"; };
		7AE273B72D26313000E72D33 /* AppDelegate+Debug.swift */ = {isa = PBXFileReference; lastKnownFileType = sourcecode.swift; path = "AppDelegate+Debug.swift"; sourceTree = "<group>"; };
		930BE4B593CCF42250530719 /* Pods_JSMediaBrowserExampleMacOS.framework */ = {isa = PBXFileReference; explicitFileType = wrapper.framework; includeInIndex = 0; path = Pods_JSMediaBrowserExampleMacOS.framework; sourceTree = BUILT_PRODUCTS_DIR; };
		CA0997732CAC4C0B948FA4FC /* Pods-JSMediaBrowserExample.release.xcconfig */ = {isa = PBXFileReference; includeInIndex = 1; lastKnownFileType = text.xcconfig; name = "Pods-JSMediaBrowserExample.release.xcconfig"; path = "Target Support Files/Pods-JSMediaBrowserExample/Pods-JSMediaBrowserExample.release.xcconfig"; sourceTree = "<group>"; };
		CBBEC1C1254DE13C6485DAAA /* Pods_JSMediaBrowserExample.framework */ = {isa = PBXFileReference; explicitFileType = wrapper.framework; includeInIndex = 0; path = Pods_JSMediaBrowserExample.framework; sourceTree = BUILT_PRODUCTS_DIR; };
/* End PBXFileReference section */

/* Begin PBXFrameworksBuildPhase section */
		7A730F842D227191006C8FA6 /* Frameworks */ = {
			isa = PBXFrameworksBuildPhase;
			buildActionMask = 2147483647;
			files = (
				B8C0C0F48A259BE03C48E14B /* Pods_JSMediaBrowserExample.framework in Frameworks */,
			);
			runOnlyForDeploymentPostprocessing = 0;
		};
		7A730FDC2D2272D1006C8FA6 /* Frameworks */ = {
			isa = PBXFrameworksBuildPhase;
			buildActionMask = 2147483647;
			files = (
				B5A342F313EAFDD20A99ACD8 /* Pods_JSMediaBrowserExampleMacOS.framework in Frameworks */,
			);
			runOnlyForDeploymentPostprocessing = 0;
		};
/* End PBXFrameworksBuildPhase section */

/* Begin PBXGroup section */
		0D32518070AAC2B44012C02B /* Frameworks */ = {
			isa = PBXGroup;
			children = (
				CBBEC1C1254DE13C6485DAAA /* Pods_JSMediaBrowserExample.framework */,
				930BE4B593CCF42250530719 /* Pods_JSMediaBrowserExampleMacOS.framework */,
			);
			name = Frameworks;
			sourceTree = "<group>";
		};
		6D40812B5A34806646635DDD /* Pods */ = {
			isa = PBXGroup;
			children = (
				382E47F6077E027B6EF9A441 /* Pods-JSMediaBrowserExample.debug.xcconfig */,
				CA0997732CAC4C0B948FA4FC /* Pods-JSMediaBrowserExample.release.xcconfig */,
				55FEF3CE8C59B767521C3A7C /* Pods-JSMediaBrowserExampleMacOS.debug.xcconfig */,
				33FEC61117D9E153785DAB8A /* Pods-JSMediaBrowserExampleMacOS.release.xcconfig */,
			);
			path = Pods;
			sourceTree = "<group>";
		};
		7A730F7E2D227191006C8FA6 = {
			isa = PBXGroup;
			children = (
				7A730FA82D22719D006C8FA6 /* JSMediaBrowserExample */,
				7A730F882D227191006C8FA6 /* Products */,
				6D40812B5A34806646635DDD /* Pods */,
				0D32518070AAC2B44012C02B /* Frameworks */,
			);
			sourceTree = "<group>";
		};
		7A730F882D227191006C8FA6 /* Products */ = {
			isa = PBXGroup;
			children = (
				7A730F872D227191006C8FA6 /* JSMediaBrowserExample.app */,
				7A730FEB2D2272D1006C8FA6 /* JSMediaBrowserExampleMacOS.app */,
			);
			name = Products;
			sourceTree = "<group>";
		};
		7A730FA82D22719D006C8FA6 /* JSMediaBrowserExample */ = {
			isa = PBXGroup;
			children = (
				7A730FB02D2271A5006C8FA6 /* Sources */,
				7A730FA02D22719D006C8FA6 /* Assets.xcassets */,
				7A730FA12D22719D006C8FA6 /* Info.plist */,
				7A730FED2D2272DD006C8FA6 /* MacOS.entitlements */,
				7A730FEE2D227439006C8FA6 /* MacOSInfo.plist */,
				7A730FA32D22719D006C8FA6 /* LaunchScreen.storyboard */,
			);
			path = JSMediaBrowserExample;
			sourceTree = "<group>";
		};
		7A730FB02D2271A5006C8FA6 /* Sources */ = {
			isa = PBXGroup;
			children = (
				7A730FB12D2271AA006C8FA6 /* App */,
				7A730FBA2D2271E2006C8FA6 /* Data */,
				7A730FC02D2271E2006C8FA6 /* Home */,
				7A730FC42D2271E2006C8FA6 /* MediaBrowser */,
			);
			path = Sources;
			sourceTree = "<group>";
		};
		7A730FB12D2271AA006C8FA6 /* App */ = {
			isa = PBXGroup;
			children = (
				7A730F9F2D22719D006C8FA6 /* AppDelegate.swift */,
				7AE273B72D26313000E72D33 /* AppDelegate+Debug.swift */,
			);
			path = App;
			sourceTree = "<group>";
		};
		7A730FBA2D2271E2006C8FA6 /* Data */ = {
			isa = PBXGroup;
			children = (
				7A730FB22D2271E2006C8FA6 /* data.json */,
				7A730FB32D2271E2006C8FA6 /* data1.jpg */,
				7A730FB42D2271E2006C8FA6 /* data2.gif */,
				7A730FB52D2271E2006C8FA6 /* data3.jpg */,
				7A730FB62D2271E2006C8FA6 /* data4.jpg */,
				7A730FB72D2271E2006C8FA6 /* TestHDR1.heic */,
				7A730FB82D2271E2006C8FA6 /* TestHDR2.JPG */,
				7A730FB92D2271E2006C8FA6 /* TestHDR3.JPG */,
				7AE273B12D262FFF00E72D33 /* LivePhoto.JPG */,
				7AE273B22D262FFF00E72D33 /* LivePhoto.MOV */,
			);
			path = Data;
			sourceTree = "<group>";
		};
		7A730FC02D2271E2006C8FA6 /* Home */ = {
			isa = PBXGroup;
			children = (
				7A730FBE2D2271E2006C8FA6 /* HomePictureCell.swift */,
				7A730FBF2D2271E2006C8FA6 /* HomeViewController.swift */,
			);
			path = Home;
			sourceTree = "<group>";
		};
		7A730FC42D2271E2006C8FA6 /* MediaBrowser */ = {
			isa = PBXGroup;
			children = (
				7AE273A82D261C1600E72D33 /* Browser.swift */,
				7A730FC12D2271E2006C8FA6 /* BrowserViewController.swift */,
				7A730FC22D2271E2006C8FA6 /* PageControl.swift */,
				7A730FC32D2271E2006C8FA6 /* ShareControl.swift */,
			);
			path = MediaBrowser;
			sourceTree = "<group>";
		};
/* End PBXGroup section */

/* Begin PBXNativeTarget section */
		7A730F862D227191006C8FA6 /* JSMediaBrowserExample */ = {
			isa = PBXNativeTarget;
			buildConfigurationList = 7A730F9A2D227193006C8FA6 /* Build configuration list for PBXNativeTarget "JSMediaBrowserExample" */;
			buildPhases = (
				36C146A0EBF4524F502E0184 /* [CP] Check Pods Manifest.lock */,
				7A730F832D227191006C8FA6 /* Sources */,
				7A730F842D227191006C8FA6 /* Frameworks */,
				7A730F852D227191006C8FA6 /* Resources */,
				7A730FF12D227638006C8FA6 /* ShellScript */,
				EB3BF8DB6626A997636554F2 /* [CP] Embed Pods Frameworks */,
			);
			buildRules = (
			);
			dependencies = (
			);
			name = JSMediaBrowserExample;
			productName = JSMediaBrowserExample;
			productReference = 7A730F872D227191006C8FA6 /* JSMediaBrowserExample.app */;
			productType = "com.apple.product-type.application";
		};
		7A730FD32D2272D1006C8FA6 /* JSMediaBrowserExampleMacOS */ = {
			isa = PBXNativeTarget;
			buildConfigurationList = 7A730FE82D2272D1006C8FA6 /* Build configuration list for PBXNativeTarget "JSMediaBrowserExampleMacOS" */;
			buildPhases = (
				3ED2A51CA7C46571E50282D1 /* [CP] Check Pods Manifest.lock */,
				7A730FD42D2272D1006C8FA6 /* Sources */,
				7A730FDC2D2272D1006C8FA6 /* Frameworks */,
				7A730FDD2D2272D1006C8FA6 /* Resources */,
				7A730FF22D22764D006C8FA6 /* ShellScript */,
				9F2302B33507BFE9E8490C01 /* [CP] Embed Pods Frameworks */,
			);
			buildRules = (
			);
			dependencies = (
			);
			name = JSMediaBrowserExampleMacOS;
			productName = JSMediaBrowserExample;
			productReference = 7A730FEB2D2272D1006C8FA6 /* JSMediaBrowserExampleMacOS.app */;
			productType = "com.apple.product-type.application";
		};
/* End PBXNativeTarget section */

/* Begin PBXProject section */
		7A730F7F2D227191006C8FA6 /* Project object */ = {
			isa = PBXProject;
			attributes = {
				BuildIndependentTargetsInParallel = 1;
				LastSwiftUpdateCheck = 1620;
				LastUpgradeCheck = 1620;
				TargetAttributes = {
					7A730F862D227191006C8FA6 = {
						CreatedOnToolsVersion = 16.2;
					};
				};
			};
			buildConfigurationList = 7A730F822D227191006C8FA6 /* Build configuration list for PBXProject "JSMediaBrowserExample" */;
			compatibilityVersion = "Xcode 15.3";
			developmentRegion = en;
			hasScannedForEncodings = 0;
			knownRegions = (
				en,
				Base,
			);
			mainGroup = 7A730F7E2D227191006C8FA6;
			productRefGroup = 7A730F882D227191006C8FA6 /* Products */;
			projectDirPath = "";
			projectRoot = "";
			targets = (
				7A730F862D227191006C8FA6 /* JSMediaBrowserExample */,
				7A730FD32D2272D1006C8FA6 /* JSMediaBrowserExampleMacOS */,
			);
		};
/* End PBXProject section */

/* Begin PBXResourcesBuildPhase section */
		7A730F852D227191006C8FA6 /* Resources */ = {
			isa = PBXResourcesBuildPhase;
			buildActionMask = 2147483647;
			files = (
				7A730FCB2D2271E2006C8FA6 /* TestHDR3.JPG in Resources */,
				7A730FCC2D2271E2006C8FA6 /* TestHDR1.heic in Resources */,
				7A730FCD2D2271E2006C8FA6 /* data.json in Resources */,
				7AE273B52D262FFF00E72D33 /* LivePhoto.JPG in Resources */,
				7AE273B62D262FFF00E72D33 /* LivePhoto.MOV in Resources */,
				7A730FCE2D2271E2006C8FA6 /* TestHDR2.JPG in Resources */,
				7A730FCF2D2271E2006C8FA6 /* data1.jpg in Resources */,
				7A730FD02D2271E2006C8FA6 /* data3.jpg in Resources */,
				7A730FD12D2271E2006C8FA6 /* data2.gif in Resources */,
				7A730FD22D2271E2006C8FA6 /* data4.jpg in Resources */,
				7A730FAC2D22719D006C8FA6 /* Assets.xcassets in Resources */,
				7A730FAE2D22719D006C8FA6 /* LaunchScreen.storyboard in Resources */,
			);
			runOnlyForDeploymentPostprocessing = 0;
		};
		7A730FDD2D2272D1006C8FA6 /* Resources */ = {
			isa = PBXResourcesBuildPhase;
			buildActionMask = 2147483647;
			files = (
				7A730FDE2D2272D1006C8FA6 /* TestHDR3.JPG in Resources */,
				7A730FDF2D2272D1006C8FA6 /* TestHDR1.heic in Resources */,
				7A730FE02D2272D1006C8FA6 /* data.json in Resources */,
				7A730FE12D2272D1006C8FA6 /* TestHDR2.JPG in Resources */,
				7A730FE22D2272D1006C8FA6 /* data1.jpg in Resources */,
				7A730FE32D2272D1006C8FA6 /* data3.jpg in Resources */,
				7A730FF02D227439006C8FA6 /* MacOSInfo.plist in Resources */,
				7A730FE42D2272D1006C8FA6 /* data2.gif in Resources */,
				7A730FE52D2272D1006C8FA6 /* data4.jpg in Resources */,
				7A730FE62D2272D1006C8FA6 /* Assets.xcassets in Resources */,
				7AE273B32D262FFF00E72D33 /* LivePhoto.JPG in Resources */,
				7AE273B42D262FFF00E72D33 /* LivePhoto.MOV in Resources */,
				7A730FE72D2272D1006C8FA6 /* LaunchScreen.storyboard in Resources */,
			);
			runOnlyForDeploymentPostprocessing = 0;
		};
/* End PBXResourcesBuildPhase section */

/* Begin PBXShellScriptBuildPhase section */
		36C146A0EBF4524F502E0184 /* [CP] Check Pods Manifest.lock */ = {
			isa = PBXShellScriptBuildPhase;
			buildActionMask = 2147483647;
			files = (
			);
			inputFileListPaths = (
			);
			inputPaths = (
				"${PODS_PODFILE_DIR_PATH}/Podfile.lock",
				"${PODS_ROOT}/Manifest.lock",
			);
			name = "[CP] Check Pods Manifest.lock";
			outputFileListPaths = (
			);
			outputPaths = (
				"$(DERIVED_FILE_DIR)/Pods-JSMediaBrowserExample-checkManifestLockResult.txt",
			);
			runOnlyForDeploymentPostprocessing = 0;
			shellPath = /bin/sh;
			shellScript = "diff \"${PODS_PODFILE_DIR_PATH}/Podfile.lock\" \"${PODS_ROOT}/Manifest.lock\" > /dev/null\nif [ $? != 0 ] ; then\n    # print error to STDERR\n    echo \"error: The sandbox is not in sync with the Podfile.lock. Run 'pod install' or update your CocoaPods installation.\" >&2\n    exit 1\nfi\n# This output is used by Xcode 'outputs' to avoid re-running this script phase.\necho \"SUCCESS\" > \"${SCRIPT_OUTPUT_FILE_0}\"\n";
			showEnvVarsInLog = 0;
		};
		3ED2A51CA7C46571E50282D1 /* [CP] Check Pods Manifest.lock */ = {
			isa = PBXShellScriptBuildPhase;
			buildActionMask = 2147483647;
			files = (
			);
			inputFileListPaths = (
			);
			inputPaths = (
				"${PODS_PODFILE_DIR_PATH}/Podfile.lock",
				"${PODS_ROOT}/Manifest.lock",
			);
			name = "[CP] Check Pods Manifest.lock";
			outputFileListPaths = (
			);
			outputPaths = (
				"$(DERIVED_FILE_DIR)/Pods-JSMediaBrowserExampleMacOS-checkManifestLockResult.txt",
			);
			runOnlyForDeploymentPostprocessing = 0;
			shellPath = /bin/sh;
			shellScript = "diff \"${PODS_PODFILE_DIR_PATH}/Podfile.lock\" \"${PODS_ROOT}/Manifest.lock\" > /dev/null\nif [ $? != 0 ] ; then\n    # print error to STDERR\n    echo \"error: The sandbox is not in sync with the Podfile.lock. Run 'pod install' or update your CocoaPods installation.\" >&2\n    exit 1\nfi\n# This output is used by Xcode 'outputs' to avoid re-running this script phase.\necho \"SUCCESS\" > \"${SCRIPT_OUTPUT_FILE_0}\"\n";
			showEnvVarsInLog = 0;
		};
		7A730FF12D227638006C8FA6 /* ShellScript */ = {
			isa = PBXShellScriptBuildPhase;
			buildActionMask = 2147483647;
			files = (
			);
			inputFileListPaths = (
			);
			inputPaths = (
			);
			outputFileListPaths = (
			);
			outputPaths = (
			);
			runOnlyForDeploymentPostprocessing = 0;
			shellPath = /bin/sh;
			shellScript = "${PODS_ROOT}/SwiftLint/swiftlint --strict\n";
		};
		7A730FF22D22764D006C8FA6 /* ShellScript */ = {
			isa = PBXShellScriptBuildPhase;
			buildActionMask = 2147483647;
			files = (
			);
			inputFileListPaths = (
			);
			inputPaths = (
			);
			outputFileListPaths = (
			);
			outputPaths = (
			);
			runOnlyForDeploymentPostprocessing = 0;
			shellPath = /bin/sh;
			shellScript = "${PODS_ROOT}/SwiftLint/swiftlint --strict\n";
		};
		9F2302B33507BFE9E8490C01 /* [CP] Embed Pods Frameworks */ = {
			isa = PBXShellScriptBuildPhase;
			buildActionMask = 2147483647;
			files = (
			);
			inputFileListPaths = (
				"${PODS_ROOT}/Target Support Files/Pods-JSMediaBrowserExampleMacOS/Pods-JSMediaBrowserExampleMacOS-frameworks-${CONFIGURATION}-input-files.xcfilelist",
			);
			name = "[CP] Embed Pods Frameworks";
			outputFileListPaths = (
				"${PODS_ROOT}/Target Support Files/Pods-JSMediaBrowserExampleMacOS/Pods-JSMediaBrowserExampleMacOS-frameworks-${CONFIGURATION}-output-files.xcfilelist",
			);
			runOnlyForDeploymentPostprocessing = 0;
			shellPath = /bin/sh;
			shellScript = "\"${PODS_ROOT}/Target Support Files/Pods-JSMediaBrowserExampleMacOS/Pods-JSMediaBrowserExampleMacOS-frameworks.sh\"\n";
			showEnvVarsInLog = 0;
		};
		EB3BF8DB6626A997636554F2 /* [CP] Embed Pods Frameworks */ = {
			isa = PBXShellScriptBuildPhase;
			buildActionMask = 2147483647;
			files = (
			);
			inputFileListPaths = (
				"${PODS_ROOT}/Target Support Files/Pods-JSMediaBrowserExample/Pods-JSMediaBrowserExample-frameworks-${CONFIGURATION}-input-files.xcfilelist",
			);
			name = "[CP] Embed Pods Frameworks";
			outputFileListPaths = (
				"${PODS_ROOT}/Target Support Files/Pods-JSMediaBrowserExample/Pods-JSMediaBrowserExample-frameworks-${CONFIGURATION}-output-files.xcfilelist",
			);
			runOnlyForDeploymentPostprocessing = 0;
			shellPath = /bin/sh;
			shellScript = "\"${PODS_ROOT}/Target Support Files/Pods-JSMediaBrowserExample/Pods-JSMediaBrowserExample-frameworks.sh\"\n";
			showEnvVarsInLog = 0;
		};
/* End PBXShellScriptBuildPhase section */

/* Begin PBXSourcesBuildPhase section */
		7A730F832D227191006C8FA6 /* Sources */ = {
			isa = PBXSourcesBuildPhase;
			buildActionMask = 2147483647;
			files = (
				7A730FA92D22719D006C8FA6 /* AppDelegate.swift in Sources */,
				7AE273A92D261C1600E72D33 /* Browser.swift in Sources */,
				7A730FC62D2271E2006C8FA6 /* HomeViewController.swift in Sources */,
				7A730FC72D2271E2006C8FA6 /* ShareControl.swift in Sources */,
				7AE273B92D26313000E72D33 /* AppDelegate+Debug.swift in Sources */,
				7A730FC82D2271E2006C8FA6 /* BrowserViewController.swift in Sources */,
				7A730FC92D2271E2006C8FA6 /* PageControl.swift in Sources */,
				7A730FCA2D2271E2006C8FA6 /* HomePictureCell.swift in Sources */,
			);
			runOnlyForDeploymentPostprocessing = 0;
		};
		7A730FD42D2272D1006C8FA6 /* Sources */ = {
			isa = PBXSourcesBuildPhase;
			buildActionMask = 2147483647;
			files = (
				7A730FD52D2272D1006C8FA6 /* AppDelegate.swift in Sources */,
				7AE273AA2D261C1600E72D33 /* Browser.swift in Sources */,
				7A730FD72D2272D1006C8FA6 /* HomeViewController.swift in Sources */,
				7A730FD82D2272D1006C8FA6 /* ShareControl.swift in Sources */,
				7AE273B82D26313000E72D33 /* AppDelegate+Debug.swift in Sources */,
				7A730FD92D2272D1006C8FA6 /* BrowserViewController.swift in Sources */,
				7A730FDA2D2272D1006C8FA6 /* PageControl.swift in Sources */,
				7A730FDB2D2272D1006C8FA6 /* HomePictureCell.swift in Sources */,
			);
			runOnlyForDeploymentPostprocessing = 0;
		};
/* End PBXSourcesBuildPhase section */

/* Begin PBXVariantGroup section */
		7A730FA32D22719D006C8FA6 /* LaunchScreen.storyboard */ = {
			isa = PBXVariantGroup;
			children = (
				7A730FA22D22719D006C8FA6 /* Base */,
			);
			name = LaunchScreen.storyboard;
			sourceTree = "<group>";
		};
/* End PBXVariantGroup section */

/* Begin XCBuildConfiguration section */
		7A730F9B2D227193006C8FA6 /* Debug */ = {
			isa = XCBuildConfiguration;
			baseConfigurationReference = 382E47F6077E027B6EF9A441 /* Pods-JSMediaBrowserExample.debug.xcconfig */;
			buildSettings = {
				ASSETCATALOG_COMPILER_APPICON_NAME = AppIcon;
				ASSETCATALOG_COMPILER_GLOBAL_ACCENT_COLOR_NAME = AccentColor;
				CODE_SIGN_STYLE = Automatic;
				CURRENT_PROJECT_VERSION = 1;
				DEVELOPMENT_TEAM = KJ6AEY5JEH;
				ENABLE_USER_SCRIPT_SANDBOXING = NO;
				GENERATE_INFOPLIST_FILE = YES;
				INFOPLIST_FILE = JSMediaBrowserExample/Info.plist;
				INFOPLIST_KEY_NSPhotoLibraryAddUsageDescription = "使用相册";
				INFOPLIST_KEY_NSPhotoLibraryUsageDescription = "保存图片到相册";
				INFOPLIST_KEY_UIApplicationSupportsIndirectInputEvents = YES;
				INFOPLIST_KEY_UILaunchStoryboardName = LaunchScreen;
				INFOPLIST_KEY_UIMainStoryboardFile = "";
				INFOPLIST_KEY_UISupportedInterfaceOrientations_iPad = "UIInterfaceOrientationPortrait UIInterfaceOrientationPortraitUpsideDown UIInterfaceOrientationLandscapeLeft UIInterfaceOrientationLandscapeRight";
				INFOPLIST_KEY_UISupportedInterfaceOrientations_iPhone = "UIInterfaceOrientationPortrait UIInterfaceOrientationLandscapeLeft UIInterfaceOrientationLandscapeRight";
				IPHONEOS_DEPLOYMENT_TARGET = 13.0;
				LD_RUNPATH_SEARCH_PATHS = (
					"$(inherited)",
					"@executable_path/Frameworks",
				);
				MARKETING_VERSION = 1.0;
				PRODUCT_BUNDLE_IDENTIFIER = com.jiasong.JSMediaBrowserExample;
				PRODUCT_NAME = "$(TARGET_NAME)";
				SWIFT_EMIT_LOC_STRINGS = YES;
				SWIFT_VERSION = 5.0;
				TARGETED_DEVICE_FAMILY = "1,2";
			};
			name = Debug;
		};
		7A730F9C2D227193006C8FA6 /* Release */ = {
			isa = XCBuildConfiguration;
			baseConfigurationReference = CA0997732CAC4C0B948FA4FC /* Pods-JSMediaBrowserExample.release.xcconfig */;
			buildSettings = {
				ASSETCATALOG_COMPILER_APPICON_NAME = AppIcon;
				ASSETCATALOG_COMPILER_GLOBAL_ACCENT_COLOR_NAME = AccentColor;
				CODE_SIGN_STYLE = Automatic;
				CURRENT_PROJECT_VERSION = 1;
				DEVELOPMENT_TEAM = KJ6AEY5JEH;
				ENABLE_USER_SCRIPT_SANDBOXING = NO;
				GENERATE_INFOPLIST_FILE = YES;
				INFOPLIST_FILE = JSMediaBrowserExample/Info.plist;
				INFOPLIST_KEY_NSPhotoLibraryAddUsageDescription = "使用相册";
				INFOPLIST_KEY_NSPhotoLibraryUsageDescription = "保存图片到相册";
				INFOPLIST_KEY_UIApplicationSupportsIndirectInputEvents = YES;
				INFOPLIST_KEY_UILaunchStoryboardName = LaunchScreen;
				INFOPLIST_KEY_UIMainStoryboardFile = "";
				INFOPLIST_KEY_UISupportedInterfaceOrientations_iPad = "UIInterfaceOrientationPortrait UIInterfaceOrientationPortraitUpsideDown UIInterfaceOrientationLandscapeLeft UIInterfaceOrientationLandscapeRight";
				INFOPLIST_KEY_UISupportedInterfaceOrientations_iPhone = "UIInterfaceOrientationPortrait UIInterfaceOrientationLandscapeLeft UIInterfaceOrientationLandscapeRight";
				IPHONEOS_DEPLOYMENT_TARGET = 13.0;
				LD_RUNPATH_SEARCH_PATHS = (
					"$(inherited)",
					"@executable_path/Frameworks",
				);
				MARKETING_VERSION = 1.0;
				PRODUCT_BUNDLE_IDENTIFIER = com.jiasong.JSMediaBrowserExample;
				PRODUCT_NAME = "$(TARGET_NAME)";
				SWIFT_EMIT_LOC_STRINGS = YES;
				SWIFT_VERSION = 5.0;
				TARGETED_DEVICE_FAMILY = "1,2";
			};
			name = Release;
		};
		7A730F9D2D227193006C8FA6 /* Debug */ = {
			isa = XCBuildConfiguration;
			buildSettings = {
				ALWAYS_SEARCH_USER_PATHS = NO;
				ASSETCATALOG_COMPILER_GENERATE_SWIFT_ASSET_SYMBOL_EXTENSIONS = YES;
				CLANG_ANALYZER_NONNULL = YES;
				CLANG_ANALYZER_NUMBER_OBJECT_CONVERSION = YES_AGGRESSIVE;
				CLANG_CXX_LANGUAGE_STANDARD = "gnu++20";
				CLANG_ENABLE_MODULES = YES;
				CLANG_ENABLE_OBJC_ARC = YES;
				CLANG_ENABLE_OBJC_WEAK = YES;
				CLANG_WARN_BLOCK_CAPTURE_AUTORELEASING = YES;
				CLANG_WARN_BOOL_CONVERSION = YES;
				CLANG_WARN_COMMA = YES;
				CLANG_WARN_CONSTANT_CONVERSION = YES;
				CLANG_WARN_DEPRECATED_OBJC_IMPLEMENTATIONS = YES;
				CLANG_WARN_DIRECT_OBJC_ISA_USAGE = YES_ERROR;
				CLANG_WARN_DOCUMENTATION_COMMENTS = YES;
				CLANG_WARN_EMPTY_BODY = YES;
				CLANG_WARN_ENUM_CONVERSION = YES;
				CLANG_WARN_INFINITE_RECURSION = YES;
				CLANG_WARN_INT_CONVERSION = YES;
				CLANG_WARN_NON_LITERAL_NULL_CONVERSION = YES;
				CLANG_WARN_OBJC_IMPLICIT_RETAIN_SELF = YES;
				CLANG_WARN_OBJC_LITERAL_CONVERSION = YES;
				CLANG_WARN_OBJC_ROOT_CLASS = YES_ERROR;
				CLANG_WARN_QUOTED_INCLUDE_IN_FRAMEWORK_HEADER = YES;
				CLANG_WARN_RANGE_LOOP_ANALYSIS = YES;
				CLANG_WARN_STRICT_PROTOTYPES = YES;
				CLANG_WARN_SUSPICIOUS_MOVE = YES;
				CLANG_WARN_UNGUARDED_AVAILABILITY = YES_AGGRESSIVE;
				CLANG_WARN_UNREACHABLE_CODE = YES;
				CLANG_WARN__DUPLICATE_METHOD_MATCH = YES;
				COPY_PHASE_STRIP = NO;
				DEBUG_INFORMATION_FORMAT = dwarf;
				ENABLE_STRICT_OBJC_MSGSEND = YES;
				ENABLE_TESTABILITY = YES;
				ENABLE_USER_SCRIPT_SANDBOXING = YES;
				GCC_C_LANGUAGE_STANDARD = gnu17;
				GCC_DYNAMIC_NO_PIC = NO;
				GCC_NO_COMMON_BLOCKS = YES;
				GCC_OPTIMIZATION_LEVEL = 0;
				GCC_PREPROCESSOR_DEFINITIONS = (
					"DEBUG=1",
					"$(inherited)",
				);
				GCC_WARN_64_TO_32_BIT_CONVERSION = YES;
				GCC_WARN_ABOUT_RETURN_TYPE = YES_ERROR;
				GCC_WARN_UNDECLARED_SELECTOR = YES;
				GCC_WARN_UNINITIALIZED_AUTOS = YES_AGGRESSIVE;
				GCC_WARN_UNUSED_FUNCTION = YES;
				GCC_WARN_UNUSED_VARIABLE = YES;
				IPHONEOS_DEPLOYMENT_TARGET = 13.0;
				LOCALIZATION_PREFERS_STRING_CATALOGS = YES;
				MTL_ENABLE_DEBUG_INFO = INCLUDE_SOURCE;
				MTL_FAST_MATH = YES;
				ONLY_ACTIVE_ARCH = YES;
				SDKROOT = iphoneos;
				SWIFT_ACTIVE_COMPILATION_CONDITIONS = "DEBUG $(inherited)";
				SWIFT_OPTIMIZATION_LEVEL = "-Onone";
			};
			name = Debug;
		};
		7A730F9E2D227193006C8FA6 /* Release */ = {
			isa = XCBuildConfiguration;
			buildSettings = {
				ALWAYS_SEARCH_USER_PATHS = NO;
				ASSETCATALOG_COMPILER_GENERATE_SWIFT_ASSET_SYMBOL_EXTENSIONS = YES;
				CLANG_ANALYZER_NONNULL = YES;
				CLANG_ANALYZER_NUMBER_OBJECT_CONVERSION = YES_AGGRESSIVE;
				CLANG_CXX_LANGUAGE_STANDARD = "gnu++20";
				CLANG_ENABLE_MODULES = YES;
				CLANG_ENABLE_OBJC_ARC = YES;
				CLANG_ENABLE_OBJC_WEAK = YES;
				CLANG_WARN_BLOCK_CAPTURE_AUTORELEASING = YES;
				CLANG_WARN_BOOL_CONVERSION = YES;
				CLANG_WARN_COMMA = YES;
				CLANG_WARN_CONSTANT_CONVERSION = YES;
				CLANG_WARN_DEPRECATED_OBJC_IMPLEMENTATIONS = YES;
				CLANG_WARN_DIRECT_OBJC_ISA_USAGE = YES_ERROR;
				CLANG_WARN_DOCUMENTATION_COMMENTS = YES;
				CLANG_WARN_EMPTY_BODY = YES;
				CLANG_WARN_ENUM_CONVERSION = YES;
				CLANG_WARN_INFINITE_RECURSION = YES;
				CLANG_WARN_INT_CONVERSION = YES;
				CLANG_WARN_NON_LITERAL_NULL_CONVERSION = YES;
				CLANG_WARN_OBJC_IMPLICIT_RETAIN_SELF = YES;
				CLANG_WARN_OBJC_LITERAL_CONVERSION = YES;
				CLANG_WARN_OBJC_ROOT_CLASS = YES_ERROR;
				CLANG_WARN_QUOTED_INCLUDE_IN_FRAMEWORK_HEADER = YES;
				CLANG_WARN_RANGE_LOOP_ANALYSIS = YES;
				CLANG_WARN_STRICT_PROTOTYPES = YES;
				CLANG_WARN_SUSPICIOUS_MOVE = YES;
				CLANG_WARN_UNGUARDED_AVAILABILITY = YES_AGGRESSIVE;
				CLANG_WARN_UNREACHABLE_CODE = YES;
				CLANG_WARN__DUPLICATE_METHOD_MATCH = YES;
				COPY_PHASE_STRIP = NO;
				DEBUG_INFORMATION_FORMAT = "dwarf-with-dsym";
				ENABLE_NS_ASSERTIONS = NO;
				ENABLE_STRICT_OBJC_MSGSEND = YES;
				ENABLE_USER_SCRIPT_SANDBOXING = YES;
				GCC_C_LANGUAGE_STANDARD = gnu17;
				GCC_NO_COMMON_BLOCKS = YES;
				GCC_WARN_64_TO_32_BIT_CONVERSION = YES;
				GCC_WARN_ABOUT_RETURN_TYPE = YES_ERROR;
				GCC_WARN_UNDECLARED_SELECTOR = YES;
				GCC_WARN_UNINITIALIZED_AUTOS = YES_AGGRESSIVE;
				GCC_WARN_UNUSED_FUNCTION = YES;
				GCC_WARN_UNUSED_VARIABLE = YES;
				IPHONEOS_DEPLOYMENT_TARGET = 13.0;
				LOCALIZATION_PREFERS_STRING_CATALOGS = YES;
				MTL_ENABLE_DEBUG_INFO = NO;
				MTL_FAST_MATH = YES;
				SDKROOT = iphoneos;
				SWIFT_COMPILATION_MODE = wholemodule;
				VALIDATE_PRODUCT = YES;
			};
			name = Release;
		};
		7A730FE92D2272D1006C8FA6 /* Debug */ = {
			isa = XCBuildConfiguration;
			baseConfigurationReference = 55FEF3CE8C59B767521C3A7C /* Pods-JSMediaBrowserExampleMacOS.debug.xcconfig */;
			buildSettings = {
				ASSETCATALOG_COMPILER_APPICON_NAME = AppIcon;
				ASSETCATALOG_COMPILER_GLOBAL_ACCENT_COLOR_NAME = AccentColor;
				CODE_SIGN_ENTITLEMENTS = JSMediaBrowserExample/MacOS.entitlements;
				CODE_SIGN_STYLE = Automatic;
				CURRENT_PROJECT_VERSION = 1;
				DEVELOPMENT_TEAM = KJ6AEY5JEH;
				ENABLE_USER_SCRIPT_SANDBOXING = NO;
				GENERATE_INFOPLIST_FILE = YES;
				INFOPLIST_FILE = JSMediaBrowserExample/MacOSInfo.plist;
				INFOPLIST_KEY_NSPhotoLibraryAddUsageDescription = "使用相册";
				INFOPLIST_KEY_NSPhotoLibraryUsageDescription = "保存图片到相册";
				INFOPLIST_KEY_UIApplicationSupportsIndirectInputEvents = YES;
				INFOPLIST_KEY_UILaunchStoryboardName = LaunchScreen;
				INFOPLIST_KEY_UIMainStoryboardFile = "";
				INFOPLIST_KEY_UISupportedInterfaceOrientations_iPad = "UIInterfaceOrientationPortrait UIInterfaceOrientationPortraitUpsideDown UIInterfaceOrientationLandscapeLeft UIInterfaceOrientationLandscapeRight";
				INFOPLIST_KEY_UISupportedInterfaceOrientations_iPhone = "UIInterfaceOrientationPortrait UIInterfaceOrientationLandscapeLeft UIInterfaceOrientationLandscapeRight";
				IPHONEOS_DEPLOYMENT_TARGET = 13.0;
				LD_RUNPATH_SEARCH_PATHS = (
					"$(inherited)",
					"@executable_path/Frameworks",
				);
				MARKETING_VERSION = 1.0;
				PRODUCT_BUNDLE_IDENTIFIER = com.jiasong.JSMediaBrowserExample;
				PRODUCT_NAME = "$(TARGET_NAME)";
				SUPPORTED_PLATFORMS = "iphoneos iphonesimulator";
				SUPPORTS_MACCATALYST = YES;
				SUPPORTS_MAC_DESIGNED_FOR_IPHONE_IPAD = NO;
				SUPPORTS_XR_DESIGNED_FOR_IPHONE_IPAD = NO;
				SWIFT_EMIT_LOC_STRINGS = YES;
				SWIFT_VERSION = 5.0;
				TARGETED_DEVICE_FAMILY = 2;
			};
			name = Debug;
		};
		7A730FEA2D2272D1006C8FA6 /* Release */ = {
			isa = XCBuildConfiguration;
			baseConfigurationReference = 33FEC61117D9E153785DAB8A /* Pods-JSMediaBrowserExampleMacOS.release.xcconfig */;
			buildSettings = {
				ASSETCATALOG_COMPILER_APPICON_NAME = AppIcon;
				ASSETCATALOG_COMPILER_GLOBAL_ACCENT_COLOR_NAME = AccentColor;
				CODE_SIGN_ENTITLEMENTS = JSMediaBrowserExample/MacOS.entitlements;
				CODE_SIGN_STYLE = Automatic;
				CURRENT_PROJECT_VERSION = 1;
				DEVELOPMENT_TEAM = KJ6AEY5JEH;
				ENABLE_USER_SCRIPT_SANDBOXING = NO;
				GENERATE_INFOPLIST_FILE = YES;
				INFOPLIST_FILE = JSMediaBrowserExample/MacOSInfo.plist;
				INFOPLIST_KEY_NSPhotoLibraryAddUsageDescription = "使用相册";
				INFOPLIST_KEY_NSPhotoLibraryUsageDescription = "保存图片到相册";
				INFOPLIST_KEY_UIApplicationSupportsIndirectInputEvents = YES;
				INFOPLIST_KEY_UILaunchStoryboardName = LaunchScreen;
				INFOPLIST_KEY_UIMainStoryboardFile = "";
				INFOPLIST_KEY_UISupportedInterfaceOrientations_iPad = "UIInterfaceOrientationPortrait UIInterfaceOrientationPortraitUpsideDown UIInterfaceOrientationLandscapeLeft UIInterfaceOrientationLandscapeRight";
				INFOPLIST_KEY_UISupportedInterfaceOrientations_iPhone = "UIInterfaceOrientationPortrait UIInterfaceOrientationLandscapeLeft UIInterfaceOrientationLandscapeRight";
				IPHONEOS_DEPLOYMENT_TARGET = 13.0;
				LD_RUNPATH_SEARCH_PATHS = (
					"$(inherited)",
					"@executable_path/Frameworks",
				);
				MARKETING_VERSION = 1.0;
				PRODUCT_BUNDLE_IDENTIFIER = com.jiasong.JSMediaBrowserExample;
				PRODUCT_NAME = "$(TARGET_NAME)";
				SUPPORTED_PLATFORMS = "iphoneos iphonesimulator";
				SUPPORTS_MACCATALYST = YES;
				SUPPORTS_MAC_DESIGNED_FOR_IPHONE_IPAD = NO;
				SUPPORTS_XR_DESIGNED_FOR_IPHONE_IPAD = NO;
				SWIFT_EMIT_LOC_STRINGS = YES;
				SWIFT_VERSION = 5.0;
				TARGETED_DEVICE_FAMILY = 2;
			};
			name = Release;
		};
/* End XCBuildConfiguration section */

/* Begin XCConfigurationList section */
		7A730F822D227191006C8FA6 /* Build configuration list for PBXProject "JSMediaBrowserExample" */ = {
			isa = XCConfigurationList;
			buildConfigurations = (
				7A730F9D2D227193006C8FA6 /* Debug */,
				7A730F9E2D227193006C8FA6 /* Release */,
			);
			defaultConfigurationIsVisible = 0;
			defaultConfigurationName = Release;
		};
		7A730F9A2D227193006C8FA6 /* Build configuration list for PBXNativeTarget "JSMediaBrowserExample" */ = {
			isa = XCConfigurationList;
			buildConfigurations = (
				7A730F9B2D227193006C8FA6 /* Debug */,
				7A730F9C2D227193006C8FA6 /* Release */,
			);
			defaultConfigurationIsVisible = 0;
			defaultConfigurationName = Release;
		};
		7A730FE82D2272D1006C8FA6 /* Build configuration list for PBXNativeTarget "JSMediaBrowserExampleMacOS" */ = {
			isa = XCConfigurationList;
			buildConfigurations = (
				7A730FE92D2272D1006C8FA6 /* Debug */,
				7A730FEA2D2272D1006C8FA6 /* Release */,
			);
			defaultConfigurationIsVisible = 0;
			defaultConfigurationName = Release;
		};
/* End XCConfigurationList section */
	};
	rootObject = 7A730F7F2D227191006C8FA6 /* Project object */;
}
