// !$*UTF8*$!
{
	archiveVersion = 1;
	classes = {
	};
	objectVersion = 51;
	objects = {

/* Begin PBXBuildFile section */
		7A06334A2585DC1200DADA21 /* DefaultWebImageMediator.swift in Sources */ = {isa = PBXBuildFile; fileRef = 7A0633492585DC1200DADA21 /* DefaultWebImageMediator.swift */; };
		7A06334B2585DC1200DADA21 /* DefaultWebImageMediator.swift in Sources */ = {isa = PBXBuildFile; fileRef = 7A0633492585DC1200DADA21 /* DefaultWebImageMediator.swift */; };
		7A0A4A222584EAC400512729 /* ImageEntity.swift in Sources */ = {isa = PBXBuildFile; fileRef = 7A0A4A212584EAC400512729 /* ImageEntity.swift */; };
		7A0A4A232584EAC400512729 /* ImageEntity.swift in Sources */ = {isa = PBXBuildFile; fileRef = 7A0A4A212584EAC400512729 /* ImageEntity.swift */; };
		7A0A4A292584EDC200512729 /* LoaderEntity.swift in Sources */ = {isa = PBXBuildFile; fileRef = 7A0A4A282584EDC200512729 /* LoaderEntity.swift */; };
		7A0A4A2A2584EDC200512729 /* LoaderEntity.swift in Sources */ = {isa = PBXBuildFile; fileRef = 7A0A4A282584EDC200512729 /* LoaderEntity.swift */; };
		7A0A4A322584EF4E00512729 /* ImageCell.swift in Sources */ = {isa = PBXBuildFile; fileRef = 7A0A4A312584EF4E00512729 /* ImageCell.swift */; };
		7A0A4A332584EF4E00512729 /* ImageCell.swift in Sources */ = {isa = PBXBuildFile; fileRef = 7A0A4A312584EF4E00512729 /* ImageCell.swift */; };
		7A0A4A412584F20200512729 /* BaseCell.swift in Sources */ = {isa = PBXBuildFile; fileRef = 7A0A4A402584F20200512729 /* BaseCell.swift */; };
		7A0A4A422584F20200512729 /* BaseCell.swift in Sources */ = {isa = PBXBuildFile; fileRef = 7A0A4A402584F20200512729 /* BaseCell.swift */; };
		7A0A4A482584FCC500512729 /* BaseEntity.swift in Sources */ = {isa = PBXBuildFile; fileRef = 7A0A4A472584FCC500512729 /* BaseEntity.swift */; };
		7A0A4A492584FCC500512729 /* BaseEntity.swift in Sources */ = {isa = PBXBuildFile; fileRef = 7A0A4A472584FCC500512729 /* BaseEntity.swift */; };
		7A0A4A532584FDF300512729 /* DataSourceProtocol.swift in Sources */ = {isa = PBXBuildFile; fileRef = 7A0A4A522584FDF300512729 /* DataSourceProtocol.swift */; };
		7A0A4A542584FDF300512729 /* DataSourceProtocol.swift in Sources */ = {isa = PBXBuildFile; fileRef = 7A0A4A522584FDF300512729 /* DataSourceProtocol.swift */; };
		7A0A4A65258506AE00512729 /* TransitionAnimator.swift in Sources */ = {isa = PBXBuildFile; fileRef = 7A0A4A64258506AE00512729 /* TransitionAnimator.swift */; };
		7A0A4A66258506AE00512729 /* TransitionAnimator.swift in Sources */ = {isa = PBXBuildFile; fileRef = 7A0A4A64258506AE00512729 /* TransitionAnimator.swift */; };
		7A23CD5B2581F365004B4033 /* AppDelegate.swift in Sources */ = {isa = PBXBuildFile; fileRef = 7A23CD5A2581F365004B4033 /* AppDelegate.swift */; };
		7A23CD5F2581F365004B4033 /* ViewController.swift in Sources */ = {isa = PBXBuildFile; fileRef = 7A23CD5E2581F365004B4033 /* ViewController.swift */; };
		7A23CD622581F365004B4033 /* Main.storyboard in Resources */ = {isa = PBXBuildFile; fileRef = 7A23CD602581F365004B4033 /* Main.storyboard */; };
		7A23CD642581F367004B4033 /* Assets.xcassets in Resources */ = {isa = PBXBuildFile; fileRef = 7A23CD632581F367004B4033 /* Assets.xcassets */; };
		7A23CD672581F367004B4033 /* LaunchScreen.storyboard in Resources */ = {isa = PBXBuildFile; fileRef = 7A23CD652581F367004B4033 /* LaunchScreen.storyboard */; };
		7A23CD762581F3C1004B4033 /* ViewController.swift in Sources */ = {isa = PBXBuildFile; fileRef = 7A23CD5E2581F365004B4033 /* ViewController.swift */; };
		7A23CD772581F3C1004B4033 /* AppDelegate.swift in Sources */ = {isa = PBXBuildFile; fileRef = 7A23CD5A2581F365004B4033 /* AppDelegate.swift */; };
		7A23CD7A2581F3C1004B4033 /* LaunchScreen.storyboard in Resources */ = {isa = PBXBuildFile; fileRef = 7A23CD652581F367004B4033 /* LaunchScreen.storyboard */; };
		7A23CD7B2581F3C1004B4033 /* Assets.xcassets in Resources */ = {isa = PBXBuildFile; fileRef = 7A23CD632581F367004B4033 /* Assets.xcassets */; };
		7A23CD7C2581F3C1004B4033 /* Main.storyboard in Resources */ = {isa = PBXBuildFile; fileRef = 7A23CD602581F365004B4033 /* Main.storyboard */; };
		7A23CDC625820254004B4033 /* MediaBrowserView.swift in Sources */ = {isa = PBXBuildFile; fileRef = 7A23CDC525820254004B4033 /* MediaBrowserView.swift */; };
		7A23CDC725820254004B4033 /* MediaBrowserView.swift in Sources */ = {isa = PBXBuildFile; fileRef = 7A23CDC525820254004B4033 /* MediaBrowserView.swift */; };
		7A23CDE02582032F004B4033 /* PagingCollectionView.swift in Sources */ = {isa = PBXBuildFile; fileRef = 7A23CDDF2582032F004B4033 /* PagingCollectionView.swift */; };
		7A23CDE12582032F004B4033 /* PagingCollectionView.swift in Sources */ = {isa = PBXBuildFile; fileRef = 7A23CDDF2582032F004B4033 /* PagingCollectionView.swift */; };
		7A23CDE5258203D2004B4033 /* PagingLayout.swift in Sources */ = {isa = PBXBuildFile; fileRef = 7A23CDE4258203D2004B4033 /* PagingLayout.swift */; };
		7A23CDE6258203D2004B4033 /* PagingLayout.swift in Sources */ = {isa = PBXBuildFile; fileRef = 7A23CDE4258203D2004B4033 /* PagingLayout.swift */; };
		7A23CE37258227DD004B4033 /* MediaBrowserProtocol.swift in Sources */ = {isa = PBXBuildFile; fileRef = 7A23CE36258227DD004B4033 /* MediaBrowserProtocol.swift */; };
		7A23CE38258227DD004B4033 /* MediaBrowserProtocol.swift in Sources */ = {isa = PBXBuildFile; fileRef = 7A23CE36258227DD004B4033 /* MediaBrowserProtocol.swift */; };
		7A23CE4225823DE1004B4033 /* ZoomImageView.swift in Sources */ = {isa = PBXBuildFile; fileRef = 7A23CE4125823DE1004B4033 /* ZoomImageView.swift */; };
		7A23CE4325823DE1004B4033 /* ZoomImageView.swift in Sources */ = {isa = PBXBuildFile; fileRef = 7A23CE4125823DE1004B4033 /* ZoomImageView.swift */; };
		7A77E2D42585E45F00B8150D /* PieProgressView.swift in Sources */ = {isa = PBXBuildFile; fileRef = 7A77E2D32585E45F00B8150D /* PieProgressView.swift */; };
		7A77E2D52585E45F00B8150D /* PieProgressView.swift in Sources */ = {isa = PBXBuildFile; fileRef = 7A77E2D32585E45F00B8150D /* PieProgressView.swift */; };
		7AEF5D85258321A2006550CE /* ZoomBaseView.swift in Sources */ = {isa = PBXBuildFile; fileRef = 7AEF5D84258321A2006550CE /* ZoomBaseView.swift */; };
		7AEF5D86258321A2006550CE /* ZoomBaseView.swift in Sources */ = {isa = PBXBuildFile; fileRef = 7AEF5D84258321A2006550CE /* ZoomBaseView.swift */; };
		7AEF5D8C2583240F006550CE /* MediaBrowserViewController.swift in Sources */ = {isa = PBXBuildFile; fileRef = 7AEF5D8B2583240F006550CE /* MediaBrowserViewController.swift */; };
		7AEF5D8D2583240F006550CE /* MediaBrowserViewController.swift in Sources */ = {isa = PBXBuildFile; fileRef = 7AEF5D8B2583240F006550CE /* MediaBrowserViewController.swift */; };
		7AEF5DCE25837379006550CE /* OCExampleViewController.m in Sources */ = {isa = PBXBuildFile; fileRef = 7AEF5DCD25837379006550CE /* OCExampleViewController.m */; };
		7AEF5DCF25837379006550CE /* OCExampleViewController.m in Sources */ = {isa = PBXBuildFile; fileRef = 7AEF5DCD25837379006550CE /* OCExampleViewController.m */; };
		89516E7FD204A204EF2CF80F /* Pods_JSMediaBrowserExample.framework in Frameworks */ = {isa = PBXBuildFile; fileRef = 7CCDCF6D2CDAF3039877EFE3 /* Pods_JSMediaBrowserExample.framework */; };
		A44935B3B09FE2856D04EDB9 /* Pods_JSMediaBrowserExampleMacOS.framework in Frameworks */ = {isa = PBXBuildFile; fileRef = B64BB0B3D884C22FBBA821AB /* Pods_JSMediaBrowserExampleMacOS.framework */; };
/* End PBXBuildFile section */

/* Begin PBXFileReference section */
		05CE0DCC7E9D19C545FB46B6 /* Pods-JSMediaBrowserExample.release.xcconfig */ = {isa = PBXFileReference; includeInIndex = 1; lastKnownFileType = text.xcconfig; name = "Pods-JSMediaBrowserExample.release.xcconfig"; path = "Target Support Files/Pods-JSMediaBrowserExample/Pods-JSMediaBrowserExample.release.xcconfig"; sourceTree = "<group>"; };
		2CA5FEFE7F71BC6264231527 /* Pods-JSMediaBrowserExampleMacOS.debug.xcconfig */ = {isa = PBXFileReference; includeInIndex = 1; lastKnownFileType = text.xcconfig; name = "Pods-JSMediaBrowserExampleMacOS.debug.xcconfig"; path = "Target Support Files/Pods-JSMediaBrowserExampleMacOS/Pods-JSMediaBrowserExampleMacOS.debug.xcconfig"; sourceTree = "<group>"; };
		7A0633492585DC1200DADA21 /* DefaultWebImageMediator.swift */ = {isa = PBXFileReference; lastKnownFileType = sourcecode.swift; path = DefaultWebImageMediator.swift; sourceTree = "<group>"; };
		7A0A4A212584EAC400512729 /* ImageEntity.swift */ = {isa = PBXFileReference; lastKnownFileType = sourcecode.swift; path = ImageEntity.swift; sourceTree = "<group>"; };
		7A0A4A282584EDC200512729 /* LoaderEntity.swift */ = {isa = PBXFileReference; lastKnownFileType = sourcecode.swift; path = LoaderEntity.swift; sourceTree = "<group>"; };
		7A0A4A312584EF4E00512729 /* ImageCell.swift */ = {isa = PBXFileReference; lastKnownFileType = sourcecode.swift; path = ImageCell.swift; sourceTree = "<group>"; };
		7A0A4A402584F20200512729 /* BaseCell.swift */ = {isa = PBXFileReference; lastKnownFileType = sourcecode.swift; path = BaseCell.swift; sourceTree = "<group>"; };
		7A0A4A472584FCC500512729 /* BaseEntity.swift */ = {isa = PBXFileReference; lastKnownFileType = sourcecode.swift; path = BaseEntity.swift; sourceTree = "<group>"; };
		7A0A4A522584FDF300512729 /* DataSourceProtocol.swift */ = {isa = PBXFileReference; lastKnownFileType = sourcecode.swift; path = DataSourceProtocol.swift; sourceTree = "<group>"; };
		7A0A4A64258506AE00512729 /* TransitionAnimator.swift */ = {isa = PBXFileReference; lastKnownFileType = sourcecode.swift; path = TransitionAnimator.swift; sourceTree = "<group>"; };
		7A23CD572581F365004B4033 /* JSMediaBrowserExample.app */ = {isa = PBXFileReference; explicitFileType = wrapper.application; includeInIndex = 0; path = JSMediaBrowserExample.app; sourceTree = BUILT_PRODUCTS_DIR; };
		7A23CD5A2581F365004B4033 /* AppDelegate.swift */ = {isa = PBXFileReference; lastKnownFileType = sourcecode.swift; path = AppDelegate.swift; sourceTree = "<group>"; };
		7A23CD5E2581F365004B4033 /* ViewController.swift */ = {isa = PBXFileReference; lastKnownFileType = sourcecode.swift; path = ViewController.swift; sourceTree = "<group>"; };
		7A23CD612581F365004B4033 /* Base */ = {isa = PBXFileReference; lastKnownFileType = file.storyboard; name = Base; path = Base.lproj/Main.storyboard; sourceTree = "<group>"; };
		7A23CD632581F367004B4033 /* Assets.xcassets */ = {isa = PBXFileReference; lastKnownFileType = folder.assetcatalog; path = Assets.xcassets; sourceTree = "<group>"; };
		7A23CD662581F367004B4033 /* Base */ = {isa = PBXFileReference; lastKnownFileType = file.storyboard; name = Base; path = Base.lproj/LaunchScreen.storyboard; sourceTree = "<group>"; };
		7A23CD682581F367004B4033 /* Info.plist */ = {isa = PBXFileReference; lastKnownFileType = text.plist.xml; path = Info.plist; sourceTree = "<group>"; };
		7A23CD722581F3B2004B4033 /* JSMediaBrowserExample.entitlements */ = {isa = PBXFileReference; lastKnownFileType = text.plist.entitlements; path = JSMediaBrowserExample.entitlements; sourceTree = "<group>"; };
		7A23CD802581F3C1004B4033 /* JSMediaBrowserExampleMacOS.app */ = {isa = PBXFileReference; explicitFileType = wrapper.application; includeInIndex = 0; path = JSMediaBrowserExampleMacOS.app; sourceTree = BUILT_PRODUCTS_DIR; };
		7A23CD8C2581F58C004B4033 /* InfoMacOS.plist */ = {isa = PBXFileReference; fileEncoding = 4; lastKnownFileType = text.plist.xml; path = InfoMacOS.plist; sourceTree = "<group>"; };
		7A23CDC525820254004B4033 /* MediaBrowserView.swift */ = {isa = PBXFileReference; lastKnownFileType = sourcecode.swift; path = MediaBrowserView.swift; sourceTree = "<group>"; };
		7A23CDDF2582032F004B4033 /* PagingCollectionView.swift */ = {isa = PBXFileReference; lastKnownFileType = sourcecode.swift; path = PagingCollectionView.swift; sourceTree = "<group>"; };
		7A23CDE4258203D2004B4033 /* PagingLayout.swift */ = {isa = PBXFileReference; lastKnownFileType = sourcecode.swift; path = PagingLayout.swift; sourceTree = "<group>"; };
		7A23CE36258227DD004B4033 /* MediaBrowserProtocol.swift */ = {isa = PBXFileReference; lastKnownFileType = sourcecode.swift; path = MediaBrowserProtocol.swift; sourceTree = "<group>"; };
		7A23CE4125823DE1004B4033 /* ZoomImageView.swift */ = {isa = PBXFileReference; lastKnownFileType = sourcecode.swift; path = ZoomImageView.swift; sourceTree = "<group>"; };
		7A77E2D32585E45F00B8150D /* PieProgressView.swift */ = {isa = PBXFileReference; lastKnownFileType = sourcecode.swift; path = PieProgressView.swift; sourceTree = "<group>"; };
		7AEF5D84258321A2006550CE /* ZoomBaseView.swift */ = {isa = PBXFileReference; lastKnownFileType = sourcecode.swift; path = ZoomBaseView.swift; sourceTree = "<group>"; };
		7AEF5D8B2583240F006550CE /* MediaBrowserViewController.swift */ = {isa = PBXFileReference; lastKnownFileType = sourcecode.swift; path = MediaBrowserViewController.swift; sourceTree = "<group>"; };
		7AEF5DCA25837379006550CE /* JSMediaBrowserExample-Bridging-Header.h */ = {isa = PBXFileReference; lastKnownFileType = sourcecode.c.h; path = "JSMediaBrowserExample-Bridging-Header.h"; sourceTree = "<group>"; };
		7AEF5DCB25837379006550CE /* JSMediaBrowserExampleMacOS-Bridging-Header.h */ = {isa = PBXFileReference; lastKnownFileType = sourcecode.c.h; path = "JSMediaBrowserExampleMacOS-Bridging-Header.h"; sourceTree = "<group>"; };
		7AEF5DCC25837379006550CE /* OCExampleViewController.h */ = {isa = PBXFileReference; lastKnownFileType = sourcecode.c.h; path = OCExampleViewController.h; sourceTree = "<group>"; };
		7AEF5DCD25837379006550CE /* OCExampleViewController.m */ = {isa = PBXFileReference; lastKnownFileType = sourcecode.c.objc; path = OCExampleViewController.m; sourceTree = "<group>"; };
		7CCDCF6D2CDAF3039877EFE3 /* Pods_JSMediaBrowserExample.framework */ = {isa = PBXFileReference; explicitFileType = wrapper.framework; includeInIndex = 0; path = Pods_JSMediaBrowserExample.framework; sourceTree = BUILT_PRODUCTS_DIR; };
		B64BB0B3D884C22FBBA821AB /* Pods_JSMediaBrowserExampleMacOS.framework */ = {isa = PBXFileReference; explicitFileType = wrapper.framework; includeInIndex = 0; path = Pods_JSMediaBrowserExampleMacOS.framework; sourceTree = BUILT_PRODUCTS_DIR; };
		D7AD73DCE445666C2F26F2AE /* Pods-JSMediaBrowserExampleMacOS.release.xcconfig */ = {isa = PBXFileReference; includeInIndex = 1; lastKnownFileType = text.xcconfig; name = "Pods-JSMediaBrowserExampleMacOS.release.xcconfig"; path = "Target Support Files/Pods-JSMediaBrowserExampleMacOS/Pods-JSMediaBrowserExampleMacOS.release.xcconfig"; sourceTree = "<group>"; };
		EC92B0A9D1247E6B744026F2 /* Pods-JSMediaBrowserExample.debug.xcconfig */ = {isa = PBXFileReference; includeInIndex = 1; lastKnownFileType = text.xcconfig; name = "Pods-JSMediaBrowserExample.debug.xcconfig"; path = "Target Support Files/Pods-JSMediaBrowserExample/Pods-JSMediaBrowserExample.debug.xcconfig"; sourceTree = "<group>"; };
/* End PBXFileReference section */

/* Begin PBXFrameworksBuildPhase section */
		7A23CD542581F365004B4033 /* Frameworks */ = {
			isa = PBXFrameworksBuildPhase;
			buildActionMask = 2147483647;
			files = (
				89516E7FD204A204EF2CF80F /* Pods_JSMediaBrowserExample.framework in Frameworks */,
			);
			runOnlyForDeploymentPostprocessing = 0;
		};
		7A23CD782581F3C1004B4033 /* Frameworks */ = {
			isa = PBXFrameworksBuildPhase;
			buildActionMask = 2147483647;
			files = (
				A44935B3B09FE2856D04EDB9 /* Pods_JSMediaBrowserExampleMacOS.framework in Frameworks */,
			);
			runOnlyForDeploymentPostprocessing = 0;
		};
/* End PBXFrameworksBuildPhase section */

/* Begin PBXGroup section */
		6040F53B15929A1A9217B22C /* Frameworks */ = {
			isa = PBXGroup;
			children = (
				7CCDCF6D2CDAF3039877EFE3 /* Pods_JSMediaBrowserExample.framework */,
				B64BB0B3D884C22FBBA821AB /* Pods_JSMediaBrowserExampleMacOS.framework */,
			);
			name = Frameworks;
			sourceTree = "<group>";
		};
		7A0A4A4E2584FD3800512729 /* Image */ = {
			isa = PBXGroup;
			children = (
				7A0A4A312584EF4E00512729 /* ImageCell.swift */,
				7A0A4A212584EAC400512729 /* ImageEntity.swift */,
			);
			path = Image;
			sourceTree = "<group>";
		};
		7A0A4A4F2584FD4700512729 /* Base */ = {
			isa = PBXGroup;
			children = (
				7A0A4A402584F20200512729 /* BaseCell.swift */,
				7A0A4A472584FCC500512729 /* BaseEntity.swift */,
			);
			path = Base;
			sourceTree = "<group>";
		};
		7A0A4A502584FD5F00512729 /* Loader */ = {
			isa = PBXGroup;
			children = (
				7A0A4A282584EDC200512729 /* LoaderEntity.swift */,
			);
			path = Loader;
			sourceTree = "<group>";
		};
		7A0A4A512584FD6F00512729 /* Core */ = {
			isa = PBXGroup;
			children = (
				7A23CE36258227DD004B4033 /* MediaBrowserProtocol.swift */,
				7A23CDC525820254004B4033 /* MediaBrowserView.swift */,
				7A23CDDF2582032F004B4033 /* PagingCollectionView.swift */,
				7A23CDE4258203D2004B4033 /* PagingLayout.swift */,
				7AEF5D84258321A2006550CE /* ZoomBaseView.swift */,
				7A23CE4125823DE1004B4033 /* ZoomImageView.swift */,
			);
			path = Core;
			sourceTree = "<group>";
		};
		7A0A4A5D2584FE5A00512729 /* General */ = {
			isa = PBXGroup;
			children = (
				7A77E2D22585E42B00B8150D /* View */,
				7A0A4A4F2584FD4700512729 /* Base */,
				7A0A4A4E2584FD3800512729 /* Image */,
				7A0A4A502584FD5F00512729 /* Loader */,
			);
			path = General;
			sourceTree = "<group>";
		};
		7A23CD4E2581F365004B4033 = {
			isa = PBXGroup;
			children = (
				7A23CD592581F365004B4033 /* JSMediaBrowserExample */,
				7A23CD582581F365004B4033 /* Products */,
				DDFE0E9035918ACBC753A628 /* Pods */,
				6040F53B15929A1A9217B22C /* Frameworks */,
			);
			sourceTree = "<group>";
		};
		7A23CD582581F365004B4033 /* Products */ = {
			isa = PBXGroup;
			children = (
				7A23CD572581F365004B4033 /* JSMediaBrowserExample.app */,
				7A23CD802581F3C1004B4033 /* JSMediaBrowserExampleMacOS.app */,
			);
			name = Products;
			sourceTree = "<group>";
		};
		7A23CD592581F365004B4033 /* JSMediaBrowserExample */ = {
			isa = PBXGroup;
			children = (
				7A23CD722581F3B2004B4033 /* JSMediaBrowserExample.entitlements */,
				7A23CDBB2582020A004B4033 /* Sorce */,
				7A23CD5A2581F365004B4033 /* AppDelegate.swift */,
				7A23CD5E2581F365004B4033 /* ViewController.swift */,
				7A0633492585DC1200DADA21 /* DefaultWebImageMediator.swift */,
				7AEF5DCC25837379006550CE /* OCExampleViewController.h */,
				7AEF5DCD25837379006550CE /* OCExampleViewController.m */,
				7AEF5DCA25837379006550CE /* JSMediaBrowserExample-Bridging-Header.h */,
				7AEF5DCB25837379006550CE /* JSMediaBrowserExampleMacOS-Bridging-Header.h */,
				7A23CD602581F365004B4033 /* Main.storyboard */,
				7A23CD632581F367004B4033 /* Assets.xcassets */,
				7A23CD652581F367004B4033 /* LaunchScreen.storyboard */,
				7A23CD682581F367004B4033 /* Info.plist */,
				7A23CD8C2581F58C004B4033 /* InfoMacOS.plist */,
			);
			path = JSMediaBrowserExample;
			sourceTree = "<group>";
		};
		7A23CDBB2582020A004B4033 /* Sorce */ = {
			isa = PBXGroup;
			children = (
				7A0A4A512584FD6F00512729 /* Core */,
				7A0A4A5D2584FE5A00512729 /* General */,
				7AEF5D8B2583240F006550CE /* MediaBrowserViewController.swift */,
				7A0A4A64258506AE00512729 /* TransitionAnimator.swift */,
				7A0A4A522584FDF300512729 /* DataSourceProtocol.swift */,
			);
			path = Sorce;
			sourceTree = "<group>";
		};
		7A77E2D22585E42B00B8150D /* View */ = {
			isa = PBXGroup;
			children = (
				7A77E2D32585E45F00B8150D /* PieProgressView.swift */,
			);
			path = View;
			sourceTree = "<group>";
		};
		DDFE0E9035918ACBC753A628 /* Pods */ = {
			isa = PBXGroup;
			children = (
				EC92B0A9D1247E6B744026F2 /* Pods-JSMediaBrowserExample.debug.xcconfig */,
				05CE0DCC7E9D19C545FB46B6 /* Pods-JSMediaBrowserExample.release.xcconfig */,
				2CA5FEFE7F71BC6264231527 /* Pods-JSMediaBrowserExampleMacOS.debug.xcconfig */,
				D7AD73DCE445666C2F26F2AE /* Pods-JSMediaBrowserExampleMacOS.release.xcconfig */,
			);
			path = Pods;
			sourceTree = "<group>";
		};
/* End PBXGroup section */

/* Begin PBXNativeTarget section */
		7A23CD562581F365004B4033 /* JSMediaBrowserExample */ = {
			isa = PBXNativeTarget;
			buildConfigurationList = 7A23CD6B2581F367004B4033 /* Build configuration list for PBXNativeTarget "JSMediaBrowserExample" */;
			buildPhases = (
				ABA1F723DE46088379BFE888 /* [CP] Check Pods Manifest.lock */,
				7A23CD532581F365004B4033 /* Sources */,
				7A23CD542581F365004B4033 /* Frameworks */,
				7A23CD552581F365004B4033 /* Resources */,
				F7020AD734D11FED76E2D123 /* [CP] Embed Pods Frameworks */,
				88DA13EC2328531550B0994F /* [CP] Copy Pods Resources */,
			);
			buildRules = (
			);
			dependencies = (
			);
			name = JSMediaBrowserExample;
			productName = JSMediaBrowserExample;
			productReference = 7A23CD572581F365004B4033 /* JSMediaBrowserExample.app */;
			productType = "com.apple.product-type.application";
		};
		7A23CD742581F3C1004B4033 /* JSMediaBrowserExampleMacOS */ = {
			isa = PBXNativeTarget;
			buildConfigurationList = 7A23CD7D2581F3C1004B4033 /* Build configuration list for PBXNativeTarget "JSMediaBrowserExampleMacOS" */;
			buildPhases = (
				AC2CF3A31B15C27F4A12C61A /* [CP] Check Pods Manifest.lock */,
				7A23CD752581F3C1004B4033 /* Sources */,
				7A23CD782581F3C1004B4033 /* Frameworks */,
				7A23CD792581F3C1004B4033 /* Resources */,
				F95877334F03A81A0725635E /* [CP] Copy Pods Resources */,
			);
			buildRules = (
			);
			dependencies = (
			);
			name = JSMediaBrowserExampleMacOS;
			productName = JSMediaBrowserExample;
			productReference = 7A23CD802581F3C1004B4033 /* JSMediaBrowserExampleMacOS.app */;
			productType = "com.apple.product-type.application";
		};
/* End PBXNativeTarget section */

/* Begin PBXProject section */
		7A23CD4F2581F365004B4033 /* Project object */ = {
			isa = PBXProject;
			attributes = {
				LastSwiftUpdateCheck = 1220;
				LastUpgradeCheck = 1220;
				TargetAttributes = {
					7A23CD562581F365004B4033 = {
						CreatedOnToolsVersion = 12.2;
						LastSwiftMigration = 1220;
					};
					7A23CD742581F3C1004B4033 = {
						LastSwiftMigration = 1220;
					};
				};
			};
			buildConfigurationList = 7A23CD522581F365004B4033 /* Build configuration list for PBXProject "JSMediaBrowserExample" */;
			compatibilityVersion = "Xcode 9.3";
			developmentRegion = en;
			hasScannedForEncodings = 0;
			knownRegions = (
				en,
				Base,
			);
			mainGroup = 7A23CD4E2581F365004B4033;
			productRefGroup = 7A23CD582581F365004B4033 /* Products */;
			projectDirPath = "";
			projectRoot = "";
			targets = (
				7A23CD562581F365004B4033 /* JSMediaBrowserExample */,
				7A23CD742581F3C1004B4033 /* JSMediaBrowserExampleMacOS */,
			);
		};
/* End PBXProject section */

/* Begin PBXResourcesBuildPhase section */
		7A23CD552581F365004B4033 /* Resources */ = {
			isa = PBXResourcesBuildPhase;
			buildActionMask = 2147483647;
			files = (
				7A23CD672581F367004B4033 /* LaunchScreen.storyboard in Resources */,
				7A23CD642581F367004B4033 /* Assets.xcassets in Resources */,
				7A23CD622581F365004B4033 /* Main.storyboard in Resources */,
			);
			runOnlyForDeploymentPostprocessing = 0;
		};
		7A23CD792581F3C1004B4033 /* Resources */ = {
			isa = PBXResourcesBuildPhase;
			buildActionMask = 2147483647;
			files = (
				7A23CD7A2581F3C1004B4033 /* LaunchScreen.storyboard in Resources */,
				7A23CD7B2581F3C1004B4033 /* Assets.xcassets in Resources */,
				7A23CD7C2581F3C1004B4033 /* Main.storyboard in Resources */,
			);
			runOnlyForDeploymentPostprocessing = 0;
		};
/* End PBXResourcesBuildPhase section */

/* Begin PBXShellScriptBuildPhase section */
		88DA13EC2328531550B0994F /* [CP] Copy Pods Resources */ = {
			isa = PBXShellScriptBuildPhase;
			buildActionMask = 2147483647;
			files = (
			);
			inputFileListPaths = (
				"${PODS_ROOT}/Target Support Files/Pods-JSMediaBrowserExample/Pods-JSMediaBrowserExample-resources-${CONFIGURATION}-input-files.xcfilelist",
			);
			name = "[CP] Copy Pods Resources";
			outputFileListPaths = (
				"${PODS_ROOT}/Target Support Files/Pods-JSMediaBrowserExample/Pods-JSMediaBrowserExample-resources-${CONFIGURATION}-output-files.xcfilelist",
			);
			runOnlyForDeploymentPostprocessing = 0;
			shellPath = /bin/sh;
			shellScript = "\"${PODS_ROOT}/Target Support Files/Pods-JSMediaBrowserExample/Pods-JSMediaBrowserExample-resources.sh\"\n";
			showEnvVarsInLog = 0;
		};
		ABA1F723DE46088379BFE888 /* [CP] Check Pods Manifest.lock */ = {
			isa = PBXShellScriptBuildPhase;
			buildActionMask = 2147483647;
			files = (
			);
			inputFileListPaths = (
			);
			inputPaths = (
				"${PODS_PODFILE_DIR_PATH}/Podfile.lock",
				"${PODS_ROOT}/Manifest.lock",
			);
			name = "[CP] Check Pods Manifest.lock";
			outputFileListPaths = (
			);
			outputPaths = (
				"$(DERIVED_FILE_DIR)/Pods-JSMediaBrowserExample-checkManifestLockResult.txt",
			);
			runOnlyForDeploymentPostprocessing = 0;
			shellPath = /bin/sh;
			shellScript = "diff \"${PODS_PODFILE_DIR_PATH}/Podfile.lock\" \"${PODS_ROOT}/Manifest.lock\" > /dev/null\nif [ $? != 0 ] ; then\n    # print error to STDERR\n    echo \"error: The sandbox is not in sync with the Podfile.lock. Run 'pod install' or update your CocoaPods installation.\" >&2\n    exit 1\nfi\n# This output is used by Xcode 'outputs' to avoid re-running this script phase.\necho \"SUCCESS\" > \"${SCRIPT_OUTPUT_FILE_0}\"\n";
			showEnvVarsInLog = 0;
		};
		AC2CF3A31B15C27F4A12C61A /* [CP] Check Pods Manifest.lock */ = {
			isa = PBXShellScriptBuildPhase;
			buildActionMask = 2147483647;
			files = (
			);
			inputFileListPaths = (
			);
			inputPaths = (
				"${PODS_PODFILE_DIR_PATH}/Podfile.lock",
				"${PODS_ROOT}/Manifest.lock",
			);
			name = "[CP] Check Pods Manifest.lock";
			outputFileListPaths = (
			);
			outputPaths = (
				"$(DERIVED_FILE_DIR)/Pods-JSMediaBrowserExampleMacOS-checkManifestLockResult.txt",
			);
			runOnlyForDeploymentPostprocessing = 0;
			shellPath = /bin/sh;
			shellScript = "diff \"${PODS_PODFILE_DIR_PATH}/Podfile.lock\" \"${PODS_ROOT}/Manifest.lock\" > /dev/null\nif [ $? != 0 ] ; then\n    # print error to STDERR\n    echo \"error: The sandbox is not in sync with the Podfile.lock. Run 'pod install' or update your CocoaPods installation.\" >&2\n    exit 1\nfi\n# This output is used by Xcode 'outputs' to avoid re-running this script phase.\necho \"SUCCESS\" > \"${SCRIPT_OUTPUT_FILE_0}\"\n";
			showEnvVarsInLog = 0;
		};
		F7020AD734D11FED76E2D123 /* [CP] Embed Pods Frameworks */ = {
			isa = PBXShellScriptBuildPhase;
			buildActionMask = 2147483647;
			files = (
			);
			inputFileListPaths = (
				"${PODS_ROOT}/Target Support Files/Pods-JSMediaBrowserExample/Pods-JSMediaBrowserExample-frameworks-${CONFIGURATION}-input-files.xcfilelist",
			);
			name = "[CP] Embed Pods Frameworks";
			outputFileListPaths = (
				"${PODS_ROOT}/Target Support Files/Pods-JSMediaBrowserExample/Pods-JSMediaBrowserExample-frameworks-${CONFIGURATION}-output-files.xcfilelist",
			);
			runOnlyForDeploymentPostprocessing = 0;
			shellPath = /bin/sh;
			shellScript = "\"${PODS_ROOT}/Target Support Files/Pods-JSMediaBrowserExample/Pods-JSMediaBrowserExample-frameworks.sh\"\n";
			showEnvVarsInLog = 0;
		};
		F95877334F03A81A0725635E /* [CP] Copy Pods Resources */ = {
			isa = PBXShellScriptBuildPhase;
			buildActionMask = 2147483647;
			files = (
			);
			inputFileListPaths = (
				"${PODS_ROOT}/Target Support Files/Pods-JSMediaBrowserExampleMacOS/Pods-JSMediaBrowserExampleMacOS-resources-${CONFIGURATION}-input-files.xcfilelist",
			);
			name = "[CP] Copy Pods Resources";
			outputFileListPaths = (
				"${PODS_ROOT}/Target Support Files/Pods-JSMediaBrowserExampleMacOS/Pods-JSMediaBrowserExampleMacOS-resources-${CONFIGURATION}-output-files.xcfilelist",
			);
			runOnlyForDeploymentPostprocessing = 0;
			shellPath = /bin/sh;
			shellScript = "\"${PODS_ROOT}/Target Support Files/Pods-JSMediaBrowserExampleMacOS/Pods-JSMediaBrowserExampleMacOS-resources.sh\"\n";
			showEnvVarsInLog = 0;
		};
/* End PBXShellScriptBuildPhase section */

/* Begin PBXSourcesBuildPhase section */
		7A23CD532581F365004B4033 /* Sources */ = {
			isa = PBXSourcesBuildPhase;
			buildActionMask = 2147483647;
			files = (
				7AEF5DCE25837379006550CE /* OCExampleViewController.m in Sources */,
				7A0A4A482584FCC500512729 /* BaseEntity.swift in Sources */,
				7AEF5D85258321A2006550CE /* ZoomBaseView.swift in Sources */,
				7A23CDE5258203D2004B4033 /* PagingLayout.swift in Sources */,
				7A23CDE02582032F004B4033 /* PagingCollectionView.swift in Sources */,
				7A06334A2585DC1200DADA21 /* DefaultWebImageMediator.swift in Sources */,
				7A0A4A532584FDF300512729 /* DataSourceProtocol.swift in Sources */,
				7A0A4A65258506AE00512729 /* TransitionAnimator.swift in Sources */,
				7A0A4A412584F20200512729 /* BaseCell.swift in Sources */,
				7A77E2D42585E45F00B8150D /* PieProgressView.swift in Sources */,
				7A0A4A222584EAC400512729 /* ImageEntity.swift in Sources */,
				7A23CE37258227DD004B4033 /* MediaBrowserProtocol.swift in Sources */,
				7A23CDC625820254004B4033 /* MediaBrowserView.swift in Sources */,
				7A23CD5F2581F365004B4033 /* ViewController.swift in Sources */,
				7A0A4A322584EF4E00512729 /* ImageCell.swift in Sources */,
				7A23CD5B2581F365004B4033 /* AppDelegate.swift in Sources */,
				7A23CE4225823DE1004B4033 /* ZoomImageView.swift in Sources */,
				7A0A4A292584EDC200512729 /* LoaderEntity.swift in Sources */,
				7AEF5D8C2583240F006550CE /* MediaBrowserViewController.swift in Sources */,
			);
			runOnlyForDeploymentPostprocessing = 0;
		};
		7A23CD752581F3C1004B4033 /* Sources */ = {
			isa = PBXSourcesBuildPhase;
			buildActionMask = 2147483647;
			files = (
				7AEF5DCF25837379006550CE /* OCExampleViewController.m in Sources */,
				7A0A4A492584FCC500512729 /* BaseEntity.swift in Sources */,
				7AEF5D86258321A2006550CE /* ZoomBaseView.swift in Sources */,
				7A23CDE6258203D2004B4033 /* PagingLayout.swift in Sources */,
				7A23CDE12582032F004B4033 /* PagingCollectionView.swift in Sources */,
				7A06334B2585DC1200DADA21 /* DefaultWebImageMediator.swift in Sources */,
				7A0A4A542584FDF300512729 /* DataSourceProtocol.swift in Sources */,
				7A0A4A66258506AE00512729 /* TransitionAnimator.swift in Sources */,
				7A0A4A422584F20200512729 /* BaseCell.swift in Sources */,
				7A77E2D52585E45F00B8150D /* PieProgressView.swift in Sources */,
				7A0A4A232584EAC400512729 /* ImageEntity.swift in Sources */,
				7A23CE38258227DD004B4033 /* MediaBrowserProtocol.swift in Sources */,
				7A23CDC725820254004B4033 /* MediaBrowserView.swift in Sources */,
				7A23CD762581F3C1004B4033 /* ViewController.swift in Sources */,
				7A0A4A332584EF4E00512729 /* ImageCell.swift in Sources */,
				7A23CD772581F3C1004B4033 /* AppDelegate.swift in Sources */,
				7A23CE4325823DE1004B4033 /* ZoomImageView.swift in Sources */,
				7A0A4A2A2584EDC200512729 /* LoaderEntity.swift in Sources */,
				7AEF5D8D2583240F006550CE /* MediaBrowserViewController.swift in Sources */,
			);
			runOnlyForDeploymentPostprocessing = 0;
		};
/* End PBXSourcesBuildPhase section */

/* Begin PBXVariantGroup section */
		7A23CD602581F365004B4033 /* Main.storyboard */ = {
			isa = PBXVariantGroup;
			children = (
				7A23CD612581F365004B4033 /* Base */,
			);
			name = Main.storyboard;
			sourceTree = "<group>";
		};
		7A23CD652581F367004B4033 /* LaunchScreen.storyboard */ = {
			isa = PBXVariantGroup;
			children = (
				7A23CD662581F367004B4033 /* Base */,
			);
			name = LaunchScreen.storyboard;
			sourceTree = "<group>";
		};
/* End PBXVariantGroup section */

/* Begin XCBuildConfiguration section */
		7A23CD692581F367004B4033 /* Debug */ = {
			isa = XCBuildConfiguration;
			buildSettings = {
				ALWAYS_SEARCH_USER_PATHS = NO;
				CLANG_ANALYZER_NONNULL = YES;
				CLANG_ANALYZER_NUMBER_OBJECT_CONVERSION = YES_AGGRESSIVE;
				CLANG_CXX_LANGUAGE_STANDARD = "gnu++14";
				CLANG_CXX_LIBRARY = "libc++";
				CLANG_ENABLE_MODULES = YES;
				CLANG_ENABLE_OBJC_ARC = YES;
				CLANG_ENABLE_OBJC_WEAK = YES;
				CLANG_WARN_BLOCK_CAPTURE_AUTORELEASING = YES;
				CLANG_WARN_BOOL_CONVERSION = YES;
				CLANG_WARN_COMMA = YES;
				CLANG_WARN_CONSTANT_CONVERSION = YES;
				CLANG_WARN_DEPRECATED_OBJC_IMPLEMENTATIONS = YES;
				CLANG_WARN_DIRECT_OBJC_ISA_USAGE = YES_ERROR;
				CLANG_WARN_DOCUMENTATION_COMMENTS = YES;
				CLANG_WARN_EMPTY_BODY = YES;
				CLANG_WARN_ENUM_CONVERSION = YES;
				CLANG_WARN_INFINITE_RECURSION = YES;
				CLANG_WARN_INT_CONVERSION = YES;
				CLANG_WARN_NON_LITERAL_NULL_CONVERSION = YES;
				CLANG_WARN_OBJC_IMPLICIT_RETAIN_SELF = YES;
				CLANG_WARN_OBJC_LITERAL_CONVERSION = YES;
				CLANG_WARN_OBJC_ROOT_CLASS = YES_ERROR;
				CLANG_WARN_QUOTED_INCLUDE_IN_FRAMEWORK_HEADER = YES;
				CLANG_WARN_RANGE_LOOP_ANALYSIS = YES;
				CLANG_WARN_STRICT_PROTOTYPES = YES;
				CLANG_WARN_SUSPICIOUS_MOVE = YES;
				CLANG_WARN_UNGUARDED_AVAILABILITY = YES_AGGRESSIVE;
				CLANG_WARN_UNREACHABLE_CODE = YES;
				CLANG_WARN__DUPLICATE_METHOD_MATCH = YES;
				COPY_PHASE_STRIP = NO;
				DEBUG_INFORMATION_FORMAT = dwarf;
				ENABLE_STRICT_OBJC_MSGSEND = YES;
				ENABLE_TESTABILITY = YES;
				GCC_C_LANGUAGE_STANDARD = gnu11;
				GCC_DYNAMIC_NO_PIC = NO;
				GCC_NO_COMMON_BLOCKS = YES;
				GCC_OPTIMIZATION_LEVEL = 0;
				GCC_PREPROCESSOR_DEFINITIONS = (
					"DEBUG=1",
					"$(inherited)",
				);
				GCC_WARN_64_TO_32_BIT_CONVERSION = YES;
				GCC_WARN_ABOUT_RETURN_TYPE = YES_ERROR;
				GCC_WARN_UNDECLARED_SELECTOR = YES;
				GCC_WARN_UNINITIALIZED_AUTOS = YES_AGGRESSIVE;
				GCC_WARN_UNUSED_FUNCTION = YES;
				GCC_WARN_UNUSED_VARIABLE = YES;
				IPHONEOS_DEPLOYMENT_TARGET = 10.0;
				MTL_ENABLE_DEBUG_INFO = INCLUDE_SOURCE;
				MTL_FAST_MATH = YES;
				ONLY_ACTIVE_ARCH = YES;
				SDKROOT = iphoneos;
				SWIFT_ACTIVE_COMPILATION_CONDITIONS = DEBUG;
				SWIFT_OPTIMIZATION_LEVEL = "-Onone";
			};
			name = Debug;
		};
		7A23CD6A2581F367004B4033 /* Release */ = {
			isa = XCBuildConfiguration;
			buildSettings = {
				ALWAYS_SEARCH_USER_PATHS = NO;
				CLANG_ANALYZER_NONNULL = YES;
				CLANG_ANALYZER_NUMBER_OBJECT_CONVERSION = YES_AGGRESSIVE;
				CLANG_CXX_LANGUAGE_STANDARD = "gnu++14";
				CLANG_CXX_LIBRARY = "libc++";
				CLANG_ENABLE_MODULES = YES;
				CLANG_ENABLE_OBJC_ARC = YES;
				CLANG_ENABLE_OBJC_WEAK = YES;
				CLANG_WARN_BLOCK_CAPTURE_AUTORELEASING = YES;
				CLANG_WARN_BOOL_CONVERSION = YES;
				CLANG_WARN_COMMA = YES;
				CLANG_WARN_CONSTANT_CONVERSION = YES;
				CLANG_WARN_DEPRECATED_OBJC_IMPLEMENTATIONS = YES;
				CLANG_WARN_DIRECT_OBJC_ISA_USAGE = YES_ERROR;
				CLANG_WARN_DOCUMENTATION_COMMENTS = YES;
				CLANG_WARN_EMPTY_BODY = YES;
				CLANG_WARN_ENUM_CONVERSION = YES;
				CLANG_WARN_INFINITE_RECURSION = YES;
				CLANG_WARN_INT_CONVERSION = YES;
				CLANG_WARN_NON_LITERAL_NULL_CONVERSION = YES;
				CLANG_WARN_OBJC_IMPLICIT_RETAIN_SELF = YES;
				CLANG_WARN_OBJC_LITERAL_CONVERSION = YES;
				CLANG_WARN_OBJC_ROOT_CLASS = YES_ERROR;
				CLANG_WARN_QUOTED_INCLUDE_IN_FRAMEWORK_HEADER = YES;
				CLANG_WARN_RANGE_LOOP_ANALYSIS = YES;
				CLANG_WARN_STRICT_PROTOTYPES = YES;
				CLANG_WARN_SUSPICIOUS_MOVE = YES;
				CLANG_WARN_UNGUARDED_AVAILABILITY = YES_AGGRESSIVE;
				CLANG_WARN_UNREACHABLE_CODE = YES;
				CLANG_WARN__DUPLICATE_METHOD_MATCH = YES;
				COPY_PHASE_STRIP = NO;
				DEBUG_INFORMATION_FORMAT = "dwarf-with-dsym";
				ENABLE_NS_ASSERTIONS = NO;
				ENABLE_STRICT_OBJC_MSGSEND = YES;
				GCC_C_LANGUAGE_STANDARD = gnu11;
				GCC_NO_COMMON_BLOCKS = YES;
				GCC_WARN_64_TO_32_BIT_CONVERSION = YES;
				GCC_WARN_ABOUT_RETURN_TYPE = YES_ERROR;
				GCC_WARN_UNDECLARED_SELECTOR = YES;
				GCC_WARN_UNINITIALIZED_AUTOS = YES_AGGRESSIVE;
				GCC_WARN_UNUSED_FUNCTION = YES;
				GCC_WARN_UNUSED_VARIABLE = YES;
				IPHONEOS_DEPLOYMENT_TARGET = 10.0;
				MTL_ENABLE_DEBUG_INFO = NO;
				MTL_FAST_MATH = YES;
				SDKROOT = iphoneos;
				SWIFT_COMPILATION_MODE = wholemodule;
				SWIFT_OPTIMIZATION_LEVEL = "-O";
				VALIDATE_PRODUCT = YES;
			};
			name = Release;
		};
		7A23CD6C2581F367004B4033 /* Debug */ = {
			isa = XCBuildConfiguration;
			baseConfigurationReference = EC92B0A9D1247E6B744026F2 /* Pods-JSMediaBrowserExample.debug.xcconfig */;
			buildSettings = {
				ASSETCATALOG_COMPILER_APPICON_NAME = AppIcon;
				ASSETCATALOG_COMPILER_GLOBAL_ACCENT_COLOR_NAME = AccentColor;
				CLANG_ENABLE_MODULES = YES;
				CODE_SIGN_ENTITLEMENTS = JSMediaBrowserExample/JSMediaBrowserExample.entitlements;
				CODE_SIGN_STYLE = Automatic;
				DEVELOPMENT_TEAM = KJ6AEY5JEH;
				INFOPLIST_FILE = JSMediaBrowserExample/Info.plist;
				IPHONEOS_DEPLOYMENT_TARGET = 10.0;
				LD_RUNPATH_SEARCH_PATHS = (
					"$(inherited)",
					"@executable_path/Frameworks",
				);
				PRODUCT_BUNDLE_IDENTIFIER = com.jiasong.JSMediaBrowserExample;
				PRODUCT_NAME = "$(TARGET_NAME)";
				SUPPORTS_MACCATALYST = NO;
				SWIFT_OBJC_BRIDGING_HEADER = "JSMediaBrowserExample/JSMediaBrowserExample-Bridging-Header.h";
				SWIFT_OPTIMIZATION_LEVEL = "-Onone";
				SWIFT_VERSION = 5.0;
				TARGETED_DEVICE_FAMILY = "1,2";
			};
			name = Debug;
		};
		7A23CD6D2581F367004B4033 /* Release */ = {
			isa = XCBuildConfiguration;
			baseConfigurationReference = 05CE0DCC7E9D19C545FB46B6 /* Pods-JSMediaBrowserExample.release.xcconfig */;
			buildSettings = {
				ASSETCATALOG_COMPILER_APPICON_NAME = AppIcon;
				ASSETCATALOG_COMPILER_GLOBAL_ACCENT_COLOR_NAME = AccentColor;
				CLANG_ENABLE_MODULES = YES;
				CODE_SIGN_ENTITLEMENTS = JSMediaBrowserExample/JSMediaBrowserExample.entitlements;
				CODE_SIGN_STYLE = Automatic;
				DEVELOPMENT_TEAM = KJ6AEY5JEH;
				INFOPLIST_FILE = JSMediaBrowserExample/Info.plist;
				IPHONEOS_DEPLOYMENT_TARGET = 10.0;
				LD_RUNPATH_SEARCH_PATHS = (
					"$(inherited)",
					"@executable_path/Frameworks",
				);
				PRODUCT_BUNDLE_IDENTIFIER = com.jiasong.JSMediaBrowserExample;
				PRODUCT_NAME = "$(TARGET_NAME)";
				SUPPORTS_MACCATALYST = NO;
				SWIFT_OBJC_BRIDGING_HEADER = "JSMediaBrowserExample/JSMediaBrowserExample-Bridging-Header.h";
				SWIFT_VERSION = 5.0;
				TARGETED_DEVICE_FAMILY = "1,2";
			};
			name = Release;
		};
		7A23CD7E2581F3C1004B4033 /* Debug */ = {
			isa = XCBuildConfiguration;
			baseConfigurationReference = 2CA5FEFE7F71BC6264231527 /* Pods-JSMediaBrowserExampleMacOS.debug.xcconfig */;
			buildSettings = {
				ASSETCATALOG_COMPILER_APPICON_NAME = AppIcon;
				ASSETCATALOG_COMPILER_GLOBAL_ACCENT_COLOR_NAME = AccentColor;
				CLANG_ENABLE_MODULES = YES;
				CODE_SIGN_ENTITLEMENTS = JSMediaBrowserExample/JSMediaBrowserExample.entitlements;
				CODE_SIGN_STYLE = Automatic;
				DEVELOPMENT_TEAM = KJ6AEY5JEH;
				INFOPLIST_FILE = JSMediaBrowserExample/InfoMacOS.plist;
				IPHONEOS_DEPLOYMENT_TARGET = 10.0;
				LD_RUNPATH_SEARCH_PATHS = (
					"$(inherited)",
					"@executable_path/Frameworks",
				);
				PRODUCT_BUNDLE_IDENTIFIER = com.jiasong.JSMediaBrowserExample;
				PRODUCT_NAME = "$(TARGET_NAME)";
				SUPPORTS_MACCATALYST = YES;
				SWIFT_OBJC_BRIDGING_HEADER = "JSMediaBrowserExample/JSMediaBrowserExampleMacOS-Bridging-Header.h";
				SWIFT_OPTIMIZATION_LEVEL = "-Onone";
				SWIFT_VERSION = 5.0;
				TARGETED_DEVICE_FAMILY = 2;
			};
			name = Debug;
		};
		7A23CD7F2581F3C1004B4033 /* Release */ = {
			isa = XCBuildConfiguration;
			baseConfigurationReference = D7AD73DCE445666C2F26F2AE /* Pods-JSMediaBrowserExampleMacOS.release.xcconfig */;
			buildSettings = {
				ASSETCATALOG_COMPILER_APPICON_NAME = AppIcon;
				ASSETCATALOG_COMPILER_GLOBAL_ACCENT_COLOR_NAME = AccentColor;
				CLANG_ENABLE_MODULES = YES;
				CODE_SIGN_ENTITLEMENTS = JSMediaBrowserExample/JSMediaBrowserExample.entitlements;
				CODE_SIGN_STYLE = Automatic;
				DEVELOPMENT_TEAM = KJ6AEY5JEH;
				INFOPLIST_FILE = JSMediaBrowserExample/InfoMacOS.plist;
				IPHONEOS_DEPLOYMENT_TARGET = 10.0;
				LD_RUNPATH_SEARCH_PATHS = (
					"$(inherited)",
					"@executable_path/Frameworks",
				);
				PRODUCT_BUNDLE_IDENTIFIER = com.jiasong.JSMediaBrowserExample;
				PRODUCT_NAME = "$(TARGET_NAME)";
				SUPPORTS_MACCATALYST = YES;
				SWIFT_OBJC_BRIDGING_HEADER = "JSMediaBrowserExample/JSMediaBrowserExampleMacOS-Bridging-Header.h";
				SWIFT_VERSION = 5.0;
				TARGETED_DEVICE_FAMILY = 2;
			};
			name = Release;
		};
/* End XCBuildConfiguration section */

/* Begin XCConfigurationList section */
		7A23CD522581F365004B4033 /* Build configuration list for PBXProject "JSMediaBrowserExample" */ = {
			isa = XCConfigurationList;
			buildConfigurations = (
				7A23CD692581F367004B4033 /* Debug */,
				7A23CD6A2581F367004B4033 /* Release */,
			);
			defaultConfigurationIsVisible = 0;
			defaultConfigurationName = Release;
		};
		7A23CD6B2581F367004B4033 /* Build configuration list for PBXNativeTarget "JSMediaBrowserExample" */ = {
			isa = XCConfigurationList;
			buildConfigurations = (
				7A23CD6C2581F367004B4033 /* Debug */,
				7A23CD6D2581F367004B4033 /* Release */,
			);
			defaultConfigurationIsVisible = 0;
			defaultConfigurationName = Release;
		};
		7A23CD7D2581F3C1004B4033 /* Build configuration list for PBXNativeTarget "JSMediaBrowserExampleMacOS" */ = {
			isa = XCConfigurationList;
			buildConfigurations = (
				7A23CD7E2581F3C1004B4033 /* Debug */,
				7A23CD7F2581F3C1004B4033 /* Release */,
			);
			defaultConfigurationIsVisible = 0;
			defaultConfigurationName = Release;
		};
/* End XCConfigurationList section */
	};
	rootObject = 7A23CD4F2581F365004B4033 /* Project object */;
}
